
Microsoft Visual Studio Solution File, Format Version 12.00
# Visual Studio Version 16
VisualStudioVersion = 16.0.28803.352
MinimumVisualStudioVersion = 10.0.40219.1
Project("{2150E333-8FDC-42A3-9474-1A3956D46DE8}") = "Apps", "Apps", "{7CAD9402-9359-4950-A723-0F9A61A4D9EE}"
EndProject
Project("{2150E333-8FDC-42A3-9474-1A3956D46DE8}") = "Cloud", "Cloud", "{601DB0C2-94AC-4521-82E8-38B178D35EF0}"
EndProject
Project("{2150E333-8FDC-42A3-9474-1A3956D46DE8}") = "Common", "Common", "{2084977B-568A-4EA9-84E9-425312A38C8F}"
EndProject
Project("{9A19103F-16F7-4668-BE54-9A1E7A4F7556}") = "Exchange", "Exchange\Exchange.csproj", "{5506E911-EB52-40AE-92FB-3B09640189D0}"
EndProject
Project("{2150E333-8FDC-42A3-9474-1A3956D46DE8}") = "_Solution Items", "_Solution Items", "{A9E64D32-D8DB-47F1-B6C8-1D59D217A992}"
	ProjectSection(SolutionItems) = preProject
		README.md = README.md
	EndProjectSection
EndProject
Project("{9A19103F-16F7-4668-BE54-9A1E7A4F7556}") = "Database", "Database\Database.csproj", "{A8145E47-A40B-42EB-B127-11DE47357FFA}"
EndProject
Project("{9A19103F-16F7-4668-BE54-9A1E7A4F7556}") = "WebRestApi", "WebRestApi\WebRestApi.csproj", "{CFE1E4FB-AC68-4B69-B788-948757DDBBA9}"
EndProject
Project("{9A19103F-16F7-4668-BE54-9A1E7A4F7556}") = "BaseApp", "BaseApp\BaseApp.csproj", "{F68C7994-F177-44EC-A403-1931FAFEB958}"
EndProject
Project("{FAE04EC0-301F-11D3-BF4B-00C04F79EFBC}") = "AndroidApp", "AndroidApp\AndroidApp.csproj", "{550DF24A-6657-4287-9CF2-B786DD205442}"
EndProject
Project("{FAE04EC0-301F-11D3-BF4B-00C04F79EFBC}") = "IOsApp", "IOsApp\IOsApp.csproj", "{76EB105A-FF77-47FF-A42E-569EFB425B33}"
EndProject
Project("{2150E333-8FDC-42A3-9474-1A3956D46DE8}") = "PublishProfiles", "PublishProfiles", "{4AFA794B-80DC-4025-BE61-4734BDDBF295}"
	ProjectSection(SolutionItems) = preProject
		_Solution Items\PublishProfiles\apibetameinschaufenster.PublishSettings = _Solution Items\PublishProfiles\apibetameinschaufenster.PublishSettings
		_Solution Items\PublishProfiles\apimeinschaufenster.PublishSettings = _Solution Items\PublishProfiles\apimeinschaufenster.PublishSettings
		_Solution Items\PublishProfiles\betameinschaufenster.PublishSettings = _Solution Items\PublishProfiles\betameinschaufenster.PublishSettings
		_Solution Items\PublishProfiles\meinschaufenster.PublishSettings = _Solution Items\PublishProfiles\meinschaufenster.PublishSettings
		_Solution Items\PublishProfiles\PublishCredentials.txt = _Solution Items\PublishProfiles\PublishCredentials.txt
	EndProjectSection
EndProject
Project("{FAE04EC0-301F-11D3-BF4B-00C04F79EFBC}") = "UwpApp", "UwpApp\UwpApp.csproj", "{3E5B2518-60BD-44D9-856D-0C6264329C52}"
EndProject
Project("{9A19103F-16F7-4668-BE54-9A1E7A4F7556}") = "WebApp", "WebApp\WebApp.csproj", "{57C03634-518A-491E-BE14-8113A7BAF5EE}"
EndProject
Global
	GlobalSection(SolutionConfigurationPlatforms) = preSolution
		Ad-Hoc|Any CPU = Ad-Hoc|Any CPU
		Ad-Hoc|ARM = Ad-Hoc|ARM
		Ad-Hoc|ARM64 = Ad-Hoc|ARM64
		Ad-Hoc|iPhone = Ad-Hoc|iPhone
		Ad-Hoc|iPhoneSimulator = Ad-Hoc|iPhoneSimulator
		Ad-Hoc|x64 = Ad-Hoc|x64
		Ad-Hoc|x86 = Ad-Hoc|x86
		AppCenter_Android|Any CPU = AppCenter_Android|Any CPU
		AppCenter_Android|ARM = AppCenter_Android|ARM
		AppCenter_Android|ARM64 = AppCenter_Android|ARM64
		AppCenter_Android|iPhone = AppCenter_Android|iPhone
		AppCenter_Android|iPhoneSimulator = AppCenter_Android|iPhoneSimulator
		AppCenter_Android|x64 = AppCenter_Android|x64
		AppCenter_Android|x86 = AppCenter_Android|x86
		AppCenter_iOS|Any CPU = AppCenter_iOS|Any CPU
		AppCenter_iOS|ARM = AppCenter_iOS|ARM
		AppCenter_iOS|ARM64 = AppCenter_iOS|ARM64
		AppCenter_iOS|iPhone = AppCenter_iOS|iPhone
		AppCenter_iOS|iPhoneSimulator = AppCenter_iOS|iPhoneSimulator
		AppCenter_iOS|x64 = AppCenter_iOS|x64
		AppCenter_iOS|x86 = AppCenter_iOS|x86
		AppCenter_UWP|Any CPU = AppCenter_UWP|Any CPU
		AppCenter_UWP|ARM = AppCenter_UWP|ARM
		AppCenter_UWP|ARM64 = AppCenter_UWP|ARM64
		AppCenter_UWP|iPhone = AppCenter_UWP|iPhone
		AppCenter_UWP|iPhoneSimulator = AppCenter_UWP|iPhoneSimulator
		AppCenter_UWP|x64 = AppCenter_UWP|x64
		AppCenter_UWP|x86 = AppCenter_UWP|x86
		AppStore|Any CPU = AppStore|Any CPU
		AppStore|ARM = AppStore|ARM
		AppStore|ARM64 = AppStore|ARM64
		AppStore|iPhone = AppStore|iPhone
		AppStore|iPhoneSimulator = AppStore|iPhoneSimulator
		AppStore|x64 = AppStore|x64
		AppStore|x86 = AppStore|x86
		Debug|Any CPU = Debug|Any CPU
		Debug|ARM = Debug|ARM
		Debug|ARM64 = Debug|ARM64
		Debug|iPhone = Debug|iPhone
		Debug|iPhoneSimulator = Debug|iPhoneSimulator
		Debug|x64 = Debug|x64
		Debug|x86 = Debug|x86
		Release|Any CPU = Release|Any CPU
		Release|ARM = Release|ARM
		Release|ARM64 = Release|ARM64
		Release|iPhone = Release|iPhone
		Release|iPhoneSimulator = Release|iPhoneSimulator
		Release|x64 = Release|x64
		Release|x86 = Release|x86
	EndGlobalSection
	GlobalSection(ProjectConfigurationPlatforms) = postSolution
		{5506E911-EB52-40AE-92FB-3B09640189D0}.Ad-Hoc|Any CPU.ActiveCfg = Release|Any CPU
		{5506E911-EB52-40AE-92FB-3B09640189D0}.Ad-Hoc|Any CPU.Build.0 = Release|Any CPU
		{5506E911-EB52-40AE-92FB-3B09640189D0}.Ad-Hoc|ARM.ActiveCfg = Release|Any CPU
		{5506E911-EB52-40AE-92FB-3B09640189D0}.Ad-Hoc|ARM.Build.0 = Release|Any CPU
		{5506E911-EB52-40AE-92FB-3B09640189D0}.Ad-Hoc|ARM64.ActiveCfg = Debug|Any CPU
		{5506E911-EB52-40AE-92FB-3B09640189D0}.Ad-Hoc|ARM64.Build.0 = Debug|Any CPU
		{5506E911-EB52-40AE-92FB-3B09640189D0}.Ad-Hoc|iPhone.ActiveCfg = Release|Any CPU
		{5506E911-EB52-40AE-92FB-3B09640189D0}.Ad-Hoc|iPhone.Build.0 = Release|Any CPU
		{5506E911-EB52-40AE-92FB-3B09640189D0}.Ad-Hoc|iPhoneSimulator.ActiveCfg = Release|Any CPU
		{5506E911-EB52-40AE-92FB-3B09640189D0}.Ad-Hoc|iPhoneSimulator.Build.0 = Release|Any CPU
		{5506E911-EB52-40AE-92FB-3B09640189D0}.Ad-Hoc|x64.ActiveCfg = Release|Any CPU
		{5506E911-EB52-40AE-92FB-3B09640189D0}.Ad-Hoc|x64.Build.0 = Release|Any CPU
		{5506E911-EB52-40AE-92FB-3B09640189D0}.Ad-Hoc|x86.ActiveCfg = Release|Any CPU
		{5506E911-EB52-40AE-92FB-3B09640189D0}.Ad-Hoc|x86.Build.0 = Release|Any CPU
		{5506E911-EB52-40AE-92FB-3B09640189D0}.AppCenter_Android|Any CPU.ActiveCfg = Debug|Any CPU
		{5506E911-EB52-40AE-92FB-3B09640189D0}.AppCenter_Android|Any CPU.Build.0 = Debug|Any CPU
		{5506E911-EB52-40AE-92FB-3B09640189D0}.AppCenter_Android|ARM.ActiveCfg = Debug|Any CPU
		{5506E911-EB52-40AE-92FB-3B09640189D0}.AppCenter_Android|ARM.Build.0 = Debug|Any CPU
		{5506E911-EB52-40AE-92FB-3B09640189D0}.AppCenter_Android|ARM64.ActiveCfg = Debug|Any CPU
		{5506E911-EB52-40AE-92FB-3B09640189D0}.AppCenter_Android|ARM64.Build.0 = Debug|Any CPU
		{5506E911-EB52-40AE-92FB-3B09640189D0}.AppCenter_Android|iPhone.ActiveCfg = Debug|Any CPU
		{5506E911-EB52-40AE-92FB-3B09640189D0}.AppCenter_Android|iPhone.Build.0 = Debug|Any CPU
		{5506E911-EB52-40AE-92FB-3B09640189D0}.AppCenter_Android|iPhoneSimulator.ActiveCfg = Debug|Any CPU
		{5506E911-EB52-40AE-92FB-3B09640189D0}.AppCenter_Android|iPhoneSimulator.Build.0 = Debug|Any CPU
		{5506E911-EB52-40AE-92FB-3B09640189D0}.AppCenter_Android|x64.ActiveCfg = Debug|Any CPU
		{5506E911-EB52-40AE-92FB-3B09640189D0}.AppCenter_Android|x64.Build.0 = Debug|Any CPU
		{5506E911-EB52-40AE-92FB-3B09640189D0}.AppCenter_Android|x86.ActiveCfg = Debug|Any CPU
		{5506E911-EB52-40AE-92FB-3B09640189D0}.AppCenter_Android|x86.Build.0 = Debug|Any CPU
		{5506E911-EB52-40AE-92FB-3B09640189D0}.AppCenter_iOS|Any CPU.ActiveCfg = Debug|Any CPU
		{5506E911-EB52-40AE-92FB-3B09640189D0}.AppCenter_iOS|Any CPU.Build.0 = Debug|Any CPU
		{5506E911-EB52-40AE-92FB-3B09640189D0}.AppCenter_iOS|ARM.ActiveCfg = Debug|Any CPU
		{5506E911-EB52-40AE-92FB-3B09640189D0}.AppCenter_iOS|ARM.Build.0 = Debug|Any CPU
		{5506E911-EB52-40AE-92FB-3B09640189D0}.AppCenter_iOS|ARM64.ActiveCfg = Debug|Any CPU
		{5506E911-EB52-40AE-92FB-3B09640189D0}.AppCenter_iOS|ARM64.Build.0 = Debug|Any CPU
		{5506E911-EB52-40AE-92FB-3B09640189D0}.AppCenter_iOS|iPhone.ActiveCfg = Debug|Any CPU
		{5506E911-EB52-40AE-92FB-3B09640189D0}.AppCenter_iOS|iPhone.Build.0 = Debug|Any CPU
		{5506E911-EB52-40AE-92FB-3B09640189D0}.AppCenter_iOS|iPhoneSimulator.ActiveCfg = Debug|Any CPU
		{5506E911-EB52-40AE-92FB-3B09640189D0}.AppCenter_iOS|iPhoneSimulator.Build.0 = Debug|Any CPU
		{5506E911-EB52-40AE-92FB-3B09640189D0}.AppCenter_iOS|x64.ActiveCfg = Debug|Any CPU
		{5506E911-EB52-40AE-92FB-3B09640189D0}.AppCenter_iOS|x64.Build.0 = Debug|Any CPU
		{5506E911-EB52-40AE-92FB-3B09640189D0}.AppCenter_iOS|x86.ActiveCfg = Debug|Any CPU
		{5506E911-EB52-40AE-92FB-3B09640189D0}.AppCenter_iOS|x86.Build.0 = Debug|Any CPU
		{5506E911-EB52-40AE-92FB-3B09640189D0}.AppCenter_UWP|Any CPU.ActiveCfg = Debug|Any CPU
		{5506E911-EB52-40AE-92FB-3B09640189D0}.AppCenter_UWP|Any CPU.Build.0 = Debug|Any CPU
		{5506E911-EB52-40AE-92FB-3B09640189D0}.AppCenter_UWP|ARM.ActiveCfg = Debug|Any CPU
		{5506E911-EB52-40AE-92FB-3B09640189D0}.AppCenter_UWP|ARM.Build.0 = Debug|Any CPU
		{5506E911-EB52-40AE-92FB-3B09640189D0}.AppCenter_UWP|ARM64.ActiveCfg = Debug|Any CPU
		{5506E911-EB52-40AE-92FB-3B09640189D0}.AppCenter_UWP|ARM64.Build.0 = Debug|Any CPU
		{5506E911-EB52-40AE-92FB-3B09640189D0}.AppCenter_UWP|iPhone.ActiveCfg = Debug|Any CPU
		{5506E911-EB52-40AE-92FB-3B09640189D0}.AppCenter_UWP|iPhone.Build.0 = Debug|Any CPU
		{5506E911-EB52-40AE-92FB-3B09640189D0}.AppCenter_UWP|iPhoneSimulator.ActiveCfg = Debug|Any CPU
		{5506E911-EB52-40AE-92FB-3B09640189D0}.AppCenter_UWP|iPhoneSimulator.Build.0 = Debug|Any CPU
		{5506E911-EB52-40AE-92FB-3B09640189D0}.AppCenter_UWP|x64.ActiveCfg = Debug|Any CPU
		{5506E911-EB52-40AE-92FB-3B09640189D0}.AppCenter_UWP|x64.Build.0 = Debug|Any CPU
		{5506E911-EB52-40AE-92FB-3B09640189D0}.AppCenter_UWP|x86.ActiveCfg = Debug|Any CPU
		{5506E911-EB52-40AE-92FB-3B09640189D0}.AppCenter_UWP|x86.Build.0 = Debug|Any CPU
		{5506E911-EB52-40AE-92FB-3B09640189D0}.AppStore|Any CPU.ActiveCfg = Release|Any CPU
		{5506E911-EB52-40AE-92FB-3B09640189D0}.AppStore|Any CPU.Build.0 = Release|Any CPU
		{5506E911-EB52-40AE-92FB-3B09640189D0}.AppStore|ARM.ActiveCfg = Release|Any CPU
		{5506E911-EB52-40AE-92FB-3B09640189D0}.AppStore|ARM.Build.0 = Release|Any CPU
		{5506E911-EB52-40AE-92FB-3B09640189D0}.AppStore|ARM64.ActiveCfg = Debug|Any CPU
		{5506E911-EB52-40AE-92FB-3B09640189D0}.AppStore|ARM64.Build.0 = Debug|Any CPU
		{5506E911-EB52-40AE-92FB-3B09640189D0}.AppStore|iPhone.ActiveCfg = Release|Any CPU
		{5506E911-EB52-40AE-92FB-3B09640189D0}.AppStore|iPhone.Build.0 = Release|Any CPU
		{5506E911-EB52-40AE-92FB-3B09640189D0}.AppStore|iPhoneSimulator.ActiveCfg = Release|Any CPU
		{5506E911-EB52-40AE-92FB-3B09640189D0}.AppStore|iPhoneSimulator.Build.0 = Release|Any CPU
		{5506E911-EB52-40AE-92FB-3B09640189D0}.AppStore|x64.ActiveCfg = Release|Any CPU
		{5506E911-EB52-40AE-92FB-3B09640189D0}.AppStore|x64.Build.0 = Release|Any CPU
		{5506E911-EB52-40AE-92FB-3B09640189D0}.AppStore|x86.ActiveCfg = Release|Any CPU
		{5506E911-EB52-40AE-92FB-3B09640189D0}.AppStore|x86.Build.0 = Release|Any CPU
		{5506E911-EB52-40AE-92FB-3B09640189D0}.Debug|Any CPU.ActiveCfg = Debug|Any CPU
		{5506E911-EB52-40AE-92FB-3B09640189D0}.Debug|Any CPU.Build.0 = Debug|Any CPU
		{5506E911-EB52-40AE-92FB-3B09640189D0}.Debug|ARM.ActiveCfg = Debug|Any CPU
		{5506E911-EB52-40AE-92FB-3B09640189D0}.Debug|ARM.Build.0 = Debug|Any CPU
		{5506E911-EB52-40AE-92FB-3B09640189D0}.Debug|ARM64.ActiveCfg = Debug|Any CPU
		{5506E911-EB52-40AE-92FB-3B09640189D0}.Debug|ARM64.Build.0 = Debug|Any CPU
		{5506E911-EB52-40AE-92FB-3B09640189D0}.Debug|iPhone.ActiveCfg = Debug|Any CPU
		{5506E911-EB52-40AE-92FB-3B09640189D0}.Debug|iPhone.Build.0 = Debug|Any CPU
		{5506E911-EB52-40AE-92FB-3B09640189D0}.Debug|iPhoneSimulator.ActiveCfg = Debug|Any CPU
		{5506E911-EB52-40AE-92FB-3B09640189D0}.Debug|iPhoneSimulator.Build.0 = Debug|Any CPU
		{5506E911-EB52-40AE-92FB-3B09640189D0}.Debug|x64.ActiveCfg = Debug|Any CPU
		{5506E911-EB52-40AE-92FB-3B09640189D0}.Debug|x64.Build.0 = Debug|Any CPU
		{5506E911-EB52-40AE-92FB-3B09640189D0}.Debug|x86.ActiveCfg = Debug|Any CPU
		{5506E911-EB52-40AE-92FB-3B09640189D0}.Debug|x86.Build.0 = Debug|Any CPU
		{5506E911-EB52-40AE-92FB-3B09640189D0}.Release|Any CPU.ActiveCfg = Release|Any CPU
		{5506E911-EB52-40AE-92FB-3B09640189D0}.Release|Any CPU.Build.0 = Release|Any CPU
		{5506E911-EB52-40AE-92FB-3B09640189D0}.Release|ARM.ActiveCfg = Release|Any CPU
		{5506E911-EB52-40AE-92FB-3B09640189D0}.Release|ARM.Build.0 = Release|Any CPU
		{5506E911-EB52-40AE-92FB-3B09640189D0}.Release|ARM64.ActiveCfg = Release|Any CPU
		{5506E911-EB52-40AE-92FB-3B09640189D0}.Release|ARM64.Build.0 = Release|Any CPU
		{5506E911-EB52-40AE-92FB-3B09640189D0}.Release|iPhone.ActiveCfg = Release|Any CPU
		{5506E911-EB52-40AE-92FB-3B09640189D0}.Release|iPhone.Build.0 = Release|Any CPU
		{5506E911-EB52-40AE-92FB-3B09640189D0}.Release|iPhoneSimulator.ActiveCfg = Release|Any CPU
		{5506E911-EB52-40AE-92FB-3B09640189D0}.Release|iPhoneSimulator.Build.0 = Release|Any CPU
		{5506E911-EB52-40AE-92FB-3B09640189D0}.Release|x64.ActiveCfg = Release|Any CPU
		{5506E911-EB52-40AE-92FB-3B09640189D0}.Release|x64.Build.0 = Release|Any CPU
		{5506E911-EB52-40AE-92FB-3B09640189D0}.Release|x86.ActiveCfg = Release|Any CPU
		{5506E911-EB52-40AE-92FB-3B09640189D0}.Release|x86.Build.0 = Release|Any CPU
		{A8145E47-A40B-42EB-B127-11DE47357FFA}.Ad-Hoc|Any CPU.ActiveCfg = Release|Any CPU
		{A8145E47-A40B-42EB-B127-11DE47357FFA}.Ad-Hoc|Any CPU.Build.0 = Release|Any CPU
		{A8145E47-A40B-42EB-B127-11DE47357FFA}.Ad-Hoc|ARM.ActiveCfg = Release|Any CPU
		{A8145E47-A40B-42EB-B127-11DE47357FFA}.Ad-Hoc|ARM.Build.0 = Release|Any CPU
		{A8145E47-A40B-42EB-B127-11DE47357FFA}.Ad-Hoc|ARM64.ActiveCfg = Debug|Any CPU
		{A8145E47-A40B-42EB-B127-11DE47357FFA}.Ad-Hoc|ARM64.Build.0 = Debug|Any CPU
		{A8145E47-A40B-42EB-B127-11DE47357FFA}.Ad-Hoc|iPhone.ActiveCfg = Release|Any CPU
		{A8145E47-A40B-42EB-B127-11DE47357FFA}.Ad-Hoc|iPhone.Build.0 = Release|Any CPU
		{A8145E47-A40B-42EB-B127-11DE47357FFA}.Ad-Hoc|iPhoneSimulator.ActiveCfg = Release|Any CPU
		{A8145E47-A40B-42EB-B127-11DE47357FFA}.Ad-Hoc|iPhoneSimulator.Build.0 = Release|Any CPU
		{A8145E47-A40B-42EB-B127-11DE47357FFA}.Ad-Hoc|x64.ActiveCfg = Release|Any CPU
		{A8145E47-A40B-42EB-B127-11DE47357FFA}.Ad-Hoc|x64.Build.0 = Release|Any CPU
		{A8145E47-A40B-42EB-B127-11DE47357FFA}.Ad-Hoc|x86.ActiveCfg = Release|Any CPU
		{A8145E47-A40B-42EB-B127-11DE47357FFA}.Ad-Hoc|x86.Build.0 = Release|Any CPU
		{A8145E47-A40B-42EB-B127-11DE47357FFA}.AppCenter_Android|Any CPU.ActiveCfg = Debug|Any CPU
		{A8145E47-A40B-42EB-B127-11DE47357FFA}.AppCenter_Android|ARM.ActiveCfg = Debug|Any CPU
		{A8145E47-A40B-42EB-B127-11DE47357FFA}.AppCenter_Android|ARM64.ActiveCfg = Debug|Any CPU
		{A8145E47-A40B-42EB-B127-11DE47357FFA}.AppCenter_Android|ARM64.Build.0 = Debug|Any CPU
		{A8145E47-A40B-42EB-B127-11DE47357FFA}.AppCenter_Android|iPhone.ActiveCfg = Debug|Any CPU
		{A8145E47-A40B-42EB-B127-11DE47357FFA}.AppCenter_Android|iPhone.Build.0 = Debug|Any CPU
		{A8145E47-A40B-42EB-B127-11DE47357FFA}.AppCenter_Android|iPhoneSimulator.ActiveCfg = Debug|Any CPU
		{A8145E47-A40B-42EB-B127-11DE47357FFA}.AppCenter_Android|iPhoneSimulator.Build.0 = Debug|Any CPU
		{A8145E47-A40B-42EB-B127-11DE47357FFA}.AppCenter_Android|x64.ActiveCfg = Debug|Any CPU
		{A8145E47-A40B-42EB-B127-11DE47357FFA}.AppCenter_Android|x86.ActiveCfg = Debug|Any CPU
		{A8145E47-A40B-42EB-B127-11DE47357FFA}.AppCenter_iOS|Any CPU.ActiveCfg = Debug|Any CPU
		{A8145E47-A40B-42EB-B127-11DE47357FFA}.AppCenter_iOS|Any CPU.Build.0 = Debug|Any CPU
		{A8145E47-A40B-42EB-B127-11DE47357FFA}.AppCenter_iOS|ARM.ActiveCfg = Debug|Any CPU
		{A8145E47-A40B-42EB-B127-11DE47357FFA}.AppCenter_iOS|ARM.Build.0 = Debug|Any CPU
		{A8145E47-A40B-42EB-B127-11DE47357FFA}.AppCenter_iOS|ARM64.ActiveCfg = Debug|Any CPU
		{A8145E47-A40B-42EB-B127-11DE47357FFA}.AppCenter_iOS|ARM64.Build.0 = Debug|Any CPU
		{A8145E47-A40B-42EB-B127-11DE47357FFA}.AppCenter_iOS|iPhone.ActiveCfg = Debug|Any CPU
		{A8145E47-A40B-42EB-B127-11DE47357FFA}.AppCenter_iOS|iPhoneSimulator.ActiveCfg = Debug|Any CPU
		{A8145E47-A40B-42EB-B127-11DE47357FFA}.AppCenter_iOS|x64.ActiveCfg = Debug|Any CPU
		{A8145E47-A40B-42EB-B127-11DE47357FFA}.AppCenter_iOS|x64.Build.0 = Debug|Any CPU
		{A8145E47-A40B-42EB-B127-11DE47357FFA}.AppCenter_iOS|x86.ActiveCfg = Debug|Any CPU
		{A8145E47-A40B-42EB-B127-11DE47357FFA}.AppCenter_iOS|x86.Build.0 = Debug|Any CPU
		{A8145E47-A40B-42EB-B127-11DE47357FFA}.AppCenter_UWP|Any CPU.ActiveCfg = Debug|Any CPU
		{A8145E47-A40B-42EB-B127-11DE47357FFA}.AppCenter_UWP|ARM.ActiveCfg = Debug|Any CPU
		{A8145E47-A40B-42EB-B127-11DE47357FFA}.AppCenter_UWP|ARM64.ActiveCfg = Debug|Any CPU
		{A8145E47-A40B-42EB-B127-11DE47357FFA}.AppCenter_UWP|ARM64.Build.0 = Debug|Any CPU
		{A8145E47-A40B-42EB-B127-11DE47357FFA}.AppCenter_UWP|iPhone.ActiveCfg = Debug|Any CPU
		{A8145E47-A40B-42EB-B127-11DE47357FFA}.AppCenter_UWP|iPhone.Build.0 = Debug|Any CPU
		{A8145E47-A40B-42EB-B127-11DE47357FFA}.AppCenter_UWP|iPhoneSimulator.ActiveCfg = Debug|Any CPU
		{A8145E47-A40B-42EB-B127-11DE47357FFA}.AppCenter_UWP|iPhoneSimulator.Build.0 = Debug|Any CPU
		{A8145E47-A40B-42EB-B127-11DE47357FFA}.AppCenter_UWP|x64.ActiveCfg = Debug|Any CPU
		{A8145E47-A40B-42EB-B127-11DE47357FFA}.AppCenter_UWP|x86.ActiveCfg = Debug|Any CPU
		{A8145E47-A40B-42EB-B127-11DE47357FFA}.AppStore|Any CPU.ActiveCfg = Release|Any CPU
		{A8145E47-A40B-42EB-B127-11DE47357FFA}.AppStore|Any CPU.Build.0 = Release|Any CPU
		{A8145E47-A40B-42EB-B127-11DE47357FFA}.AppStore|ARM.ActiveCfg = Release|Any CPU
		{A8145E47-A40B-42EB-B127-11DE47357FFA}.AppStore|ARM.Build.0 = Release|Any CPU
		{A8145E47-A40B-42EB-B127-11DE47357FFA}.AppStore|ARM64.ActiveCfg = Debug|Any CPU
		{A8145E47-A40B-42EB-B127-11DE47357FFA}.AppStore|ARM64.Build.0 = Debug|Any CPU
		{A8145E47-A40B-42EB-B127-11DE47357FFA}.AppStore|iPhone.ActiveCfg = Release|Any CPU
		{A8145E47-A40B-42EB-B127-11DE47357FFA}.AppStore|iPhone.Build.0 = Release|Any CPU
		{A8145E47-A40B-42EB-B127-11DE47357FFA}.AppStore|iPhoneSimulator.ActiveCfg = Release|Any CPU
		{A8145E47-A40B-42EB-B127-11DE47357FFA}.AppStore|iPhoneSimulator.Build.0 = Release|Any CPU
		{A8145E47-A40B-42EB-B127-11DE47357FFA}.AppStore|x64.ActiveCfg = Release|Any CPU
		{A8145E47-A40B-42EB-B127-11DE47357FFA}.AppStore|x64.Build.0 = Release|Any CPU
		{A8145E47-A40B-42EB-B127-11DE47357FFA}.AppStore|x86.ActiveCfg = Release|Any CPU
		{A8145E47-A40B-42EB-B127-11DE47357FFA}.AppStore|x86.Build.0 = Release|Any CPU
		{A8145E47-A40B-42EB-B127-11DE47357FFA}.Debug|Any CPU.ActiveCfg = Debug|Any CPU
		{A8145E47-A40B-42EB-B127-11DE47357FFA}.Debug|Any CPU.Build.0 = Debug|Any CPU
		{A8145E47-A40B-42EB-B127-11DE47357FFA}.Debug|ARM.ActiveCfg = Debug|Any CPU
		{A8145E47-A40B-42EB-B127-11DE47357FFA}.Debug|ARM.Build.0 = Debug|Any CPU
		{A8145E47-A40B-42EB-B127-11DE47357FFA}.Debug|ARM64.ActiveCfg = Debug|Any CPU
		{A8145E47-A40B-42EB-B127-11DE47357FFA}.Debug|ARM64.Build.0 = Debug|Any CPU
		{A8145E47-A40B-42EB-B127-11DE47357FFA}.Debug|iPhone.ActiveCfg = Debug|Any CPU
		{A8145E47-A40B-42EB-B127-11DE47357FFA}.Debug|iPhoneSimulator.ActiveCfg = Debug|Any CPU
		{A8145E47-A40B-42EB-B127-11DE47357FFA}.Debug|iPhoneSimulator.Build.0 = Debug|Any CPU
		{A8145E47-A40B-42EB-B127-11DE47357FFA}.Debug|x64.ActiveCfg = Debug|Any CPU
		{A8145E47-A40B-42EB-B127-11DE47357FFA}.Debug|x64.Build.0 = Debug|Any CPU
		{A8145E47-A40B-42EB-B127-11DE47357FFA}.Debug|x86.ActiveCfg = Debug|Any CPU
		{A8145E47-A40B-42EB-B127-11DE47357FFA}.Debug|x86.Build.0 = Debug|Any CPU
		{A8145E47-A40B-42EB-B127-11DE47357FFA}.Release|Any CPU.ActiveCfg = Release|Any CPU
		{A8145E47-A40B-42EB-B127-11DE47357FFA}.Release|Any CPU.Build.0 = Release|Any CPU
		{A8145E47-A40B-42EB-B127-11DE47357FFA}.Release|ARM.ActiveCfg = Release|Any CPU
		{A8145E47-A40B-42EB-B127-11DE47357FFA}.Release|ARM.Build.0 = Release|Any CPU
		{A8145E47-A40B-42EB-B127-11DE47357FFA}.Release|ARM64.ActiveCfg = Release|Any CPU
		{A8145E47-A40B-42EB-B127-11DE47357FFA}.Release|ARM64.Build.0 = Release|Any CPU
		{A8145E47-A40B-42EB-B127-11DE47357FFA}.Release|iPhone.ActiveCfg = Release|Any CPU
		{A8145E47-A40B-42EB-B127-11DE47357FFA}.Release|iPhoneSimulator.ActiveCfg = Release|Any CPU
		{A8145E47-A40B-42EB-B127-11DE47357FFA}.Release|iPhoneSimulator.Build.0 = Release|Any CPU
		{A8145E47-A40B-42EB-B127-11DE47357FFA}.Release|x64.ActiveCfg = Release|Any CPU
		{A8145E47-A40B-42EB-B127-11DE47357FFA}.Release|x64.Build.0 = Release|Any CPU
		{A8145E47-A40B-42EB-B127-11DE47357FFA}.Release|x86.ActiveCfg = Release|Any CPU
		{A8145E47-A40B-42EB-B127-11DE47357FFA}.Release|x86.Build.0 = Release|Any CPU
		{CFE1E4FB-AC68-4B69-B788-948757DDBBA9}.Ad-Hoc|Any CPU.ActiveCfg = Release|Any CPU
		{CFE1E4FB-AC68-4B69-B788-948757DDBBA9}.Ad-Hoc|Any CPU.Build.0 = Release|Any CPU
		{CFE1E4FB-AC68-4B69-B788-948757DDBBA9}.Ad-Hoc|ARM.ActiveCfg = Release|Any CPU
		{CFE1E4FB-AC68-4B69-B788-948757DDBBA9}.Ad-Hoc|ARM.Build.0 = Release|Any CPU
		{CFE1E4FB-AC68-4B69-B788-948757DDBBA9}.Ad-Hoc|ARM64.ActiveCfg = Debug|Any CPU
		{CFE1E4FB-AC68-4B69-B788-948757DDBBA9}.Ad-Hoc|ARM64.Build.0 = Debug|Any CPU
		{CFE1E4FB-AC68-4B69-B788-948757DDBBA9}.Ad-Hoc|iPhone.ActiveCfg = Release|Any CPU
		{CFE1E4FB-AC68-4B69-B788-948757DDBBA9}.Ad-Hoc|iPhone.Build.0 = Release|Any CPU
		{CFE1E4FB-AC68-4B69-B788-948757DDBBA9}.Ad-Hoc|iPhoneSimulator.ActiveCfg = Release|Any CPU
		{CFE1E4FB-AC68-4B69-B788-948757DDBBA9}.Ad-Hoc|iPhoneSimulator.Build.0 = Release|Any CPU
		{CFE1E4FB-AC68-4B69-B788-948757DDBBA9}.Ad-Hoc|x64.ActiveCfg = Release|Any CPU
		{CFE1E4FB-AC68-4B69-B788-948757DDBBA9}.Ad-Hoc|x64.Build.0 = Release|Any CPU
		{CFE1E4FB-AC68-4B69-B788-948757DDBBA9}.Ad-Hoc|x86.ActiveCfg = Release|Any CPU
		{CFE1E4FB-AC68-4B69-B788-948757DDBBA9}.Ad-Hoc|x86.Build.0 = Release|Any CPU
		{CFE1E4FB-AC68-4B69-B788-948757DDBBA9}.AppCenter_Android|Any CPU.ActiveCfg = Debug|Any CPU
		{CFE1E4FB-AC68-4B69-B788-948757DDBBA9}.AppCenter_Android|ARM.ActiveCfg = Debug|Any CPU
		{CFE1E4FB-AC68-4B69-B788-948757DDBBA9}.AppCenter_Android|ARM64.ActiveCfg = Debug|Any CPU
		{CFE1E4FB-AC68-4B69-B788-948757DDBBA9}.AppCenter_Android|ARM64.Build.0 = Debug|Any CPU
		{CFE1E4FB-AC68-4B69-B788-948757DDBBA9}.AppCenter_Android|iPhone.ActiveCfg = Debug|Any CPU
		{CFE1E4FB-AC68-4B69-B788-948757DDBBA9}.AppCenter_Android|iPhone.Build.0 = Debug|Any CPU
		{CFE1E4FB-AC68-4B69-B788-948757DDBBA9}.AppCenter_Android|iPhoneSimulator.ActiveCfg = Debug|Any CPU
		{CFE1E4FB-AC68-4B69-B788-948757DDBBA9}.AppCenter_Android|iPhoneSimulator.Build.0 = Debug|Any CPU
		{CFE1E4FB-AC68-4B69-B788-948757DDBBA9}.AppCenter_Android|x64.ActiveCfg = Debug|Any CPU
		{CFE1E4FB-AC68-4B69-B788-948757DDBBA9}.AppCenter_Android|x86.ActiveCfg = Debug|Any CPU
		{CFE1E4FB-AC68-4B69-B788-948757DDBBA9}.AppCenter_iOS|Any CPU.ActiveCfg = Debug|Any CPU
		{CFE1E4FB-AC68-4B69-B788-948757DDBBA9}.AppCenter_iOS|Any CPU.Build.0 = Debug|Any CPU
		{CFE1E4FB-AC68-4B69-B788-948757DDBBA9}.AppCenter_iOS|ARM.ActiveCfg = Debug|Any CPU
		{CFE1E4FB-AC68-4B69-B788-948757DDBBA9}.AppCenter_iOS|ARM.Build.0 = Debug|Any CPU
		{CFE1E4FB-AC68-4B69-B788-948757DDBBA9}.AppCenter_iOS|ARM64.ActiveCfg = Debug|Any CPU
		{CFE1E4FB-AC68-4B69-B788-948757DDBBA9}.AppCenter_iOS|ARM64.Build.0 = Debug|Any CPU
		{CFE1E4FB-AC68-4B69-B788-948757DDBBA9}.AppCenter_iOS|iPhone.ActiveCfg = Debug|Any CPU
		{CFE1E4FB-AC68-4B69-B788-948757DDBBA9}.AppCenter_iOS|iPhoneSimulator.ActiveCfg = Debug|Any CPU
		{CFE1E4FB-AC68-4B69-B788-948757DDBBA9}.AppCenter_iOS|iPhoneSimulator.Build.0 = Debug|Any CPU
		{CFE1E4FB-AC68-4B69-B788-948757DDBBA9}.AppCenter_iOS|x64.ActiveCfg = Debug|Any CPU
		{CFE1E4FB-AC68-4B69-B788-948757DDBBA9}.AppCenter_iOS|x64.Build.0 = Debug|Any CPU
		{CFE1E4FB-AC68-4B69-B788-948757DDBBA9}.AppCenter_iOS|x86.ActiveCfg = Debug|Any CPU
		{CFE1E4FB-AC68-4B69-B788-948757DDBBA9}.AppCenter_iOS|x86.Build.0 = Debug|Any CPU
		{CFE1E4FB-AC68-4B69-B788-948757DDBBA9}.AppCenter_UWP|Any CPU.ActiveCfg = Debug|Any CPU
		{CFE1E4FB-AC68-4B69-B788-948757DDBBA9}.AppCenter_UWP|ARM.ActiveCfg = Debug|Any CPU
		{CFE1E4FB-AC68-4B69-B788-948757DDBBA9}.AppCenter_UWP|ARM64.ActiveCfg = Debug|Any CPU
		{CFE1E4FB-AC68-4B69-B788-948757DDBBA9}.AppCenter_UWP|ARM64.Build.0 = Debug|Any CPU
		{CFE1E4FB-AC68-4B69-B788-948757DDBBA9}.AppCenter_UWP|iPhone.ActiveCfg = Debug|Any CPU
		{CFE1E4FB-AC68-4B69-B788-948757DDBBA9}.AppCenter_UWP|iPhone.Build.0 = Debug|Any CPU
		{CFE1E4FB-AC68-4B69-B788-948757DDBBA9}.AppCenter_UWP|iPhoneSimulator.ActiveCfg = Debug|Any CPU
		{CFE1E4FB-AC68-4B69-B788-948757DDBBA9}.AppCenter_UWP|iPhoneSimulator.Build.0 = Debug|Any CPU
		{CFE1E4FB-AC68-4B69-B788-948757DDBBA9}.AppCenter_UWP|x64.ActiveCfg = Debug|Any CPU
		{CFE1E4FB-AC68-4B69-B788-948757DDBBA9}.AppCenter_UWP|x86.ActiveCfg = Debug|Any CPU
		{CFE1E4FB-AC68-4B69-B788-948757DDBBA9}.AppStore|Any CPU.ActiveCfg = Release|Any CPU
		{CFE1E4FB-AC68-4B69-B788-948757DDBBA9}.AppStore|Any CPU.Build.0 = Release|Any CPU
		{CFE1E4FB-AC68-4B69-B788-948757DDBBA9}.AppStore|ARM.ActiveCfg = Release|Any CPU
		{CFE1E4FB-AC68-4B69-B788-948757DDBBA9}.AppStore|ARM.Build.0 = Release|Any CPU
		{CFE1E4FB-AC68-4B69-B788-948757DDBBA9}.AppStore|ARM64.ActiveCfg = Debug|Any CPU
		{CFE1E4FB-AC68-4B69-B788-948757DDBBA9}.AppStore|ARM64.Build.0 = Debug|Any CPU
		{CFE1E4FB-AC68-4B69-B788-948757DDBBA9}.AppStore|iPhone.ActiveCfg = Release|Any CPU
		{CFE1E4FB-AC68-4B69-B788-948757DDBBA9}.AppStore|iPhone.Build.0 = Release|Any CPU
		{CFE1E4FB-AC68-4B69-B788-948757DDBBA9}.AppStore|iPhoneSimulator.ActiveCfg = Release|Any CPU
		{CFE1E4FB-AC68-4B69-B788-948757DDBBA9}.AppStore|iPhoneSimulator.Build.0 = Release|Any CPU
		{CFE1E4FB-AC68-4B69-B788-948757DDBBA9}.AppStore|x64.ActiveCfg = Release|Any CPU
		{CFE1E4FB-AC68-4B69-B788-948757DDBBA9}.AppStore|x64.Build.0 = Release|Any CPU
		{CFE1E4FB-AC68-4B69-B788-948757DDBBA9}.AppStore|x86.ActiveCfg = Release|Any CPU
		{CFE1E4FB-AC68-4B69-B788-948757DDBBA9}.AppStore|x86.Build.0 = Release|Any CPU
		{CFE1E4FB-AC68-4B69-B788-948757DDBBA9}.Debug|Any CPU.ActiveCfg = Debug|Any CPU
		{CFE1E4FB-AC68-4B69-B788-948757DDBBA9}.Debug|Any CPU.Build.0 = Debug|Any CPU
		{CFE1E4FB-AC68-4B69-B788-948757DDBBA9}.Debug|ARM.ActiveCfg = Debug|Any CPU
		{CFE1E4FB-AC68-4B69-B788-948757DDBBA9}.Debug|ARM.Build.0 = Debug|Any CPU
		{CFE1E4FB-AC68-4B69-B788-948757DDBBA9}.Debug|ARM64.ActiveCfg = Debug|Any CPU
		{CFE1E4FB-AC68-4B69-B788-948757DDBBA9}.Debug|ARM64.Build.0 = Debug|Any CPU
		{CFE1E4FB-AC68-4B69-B788-948757DDBBA9}.Debug|iPhone.ActiveCfg = Debug|Any CPU
		{CFE1E4FB-AC68-4B69-B788-948757DDBBA9}.Debug|iPhoneSimulator.ActiveCfg = Debug|Any CPU
		{CFE1E4FB-AC68-4B69-B788-948757DDBBA9}.Debug|iPhoneSimulator.Build.0 = Debug|Any CPU
		{CFE1E4FB-AC68-4B69-B788-948757DDBBA9}.Debug|x64.ActiveCfg = Debug|Any CPU
		{CFE1E4FB-AC68-4B69-B788-948757DDBBA9}.Debug|x64.Build.0 = Debug|Any CPU
		{CFE1E4FB-AC68-4B69-B788-948757DDBBA9}.Debug|x86.ActiveCfg = Debug|Any CPU
		{CFE1E4FB-AC68-4B69-B788-948757DDBBA9}.Debug|x86.Build.0 = Debug|Any CPU
		{CFE1E4FB-AC68-4B69-B788-948757DDBBA9}.Release|Any CPU.ActiveCfg = Release|Any CPU
		{CFE1E4FB-AC68-4B69-B788-948757DDBBA9}.Release|Any CPU.Build.0 = Release|Any CPU
		{CFE1E4FB-AC68-4B69-B788-948757DDBBA9}.Release|ARM.ActiveCfg = Release|Any CPU
		{CFE1E4FB-AC68-4B69-B788-948757DDBBA9}.Release|ARM.Build.0 = Release|Any CPU
		{CFE1E4FB-AC68-4B69-B788-948757DDBBA9}.Release|ARM64.ActiveCfg = Release|Any CPU
		{CFE1E4FB-AC68-4B69-B788-948757DDBBA9}.Release|ARM64.Build.0 = Release|Any CPU
		{CFE1E4FB-AC68-4B69-B788-948757DDBBA9}.Release|iPhone.ActiveCfg = Release|Any CPU
		{CFE1E4FB-AC68-4B69-B788-948757DDBBA9}.Release|iPhoneSimulator.ActiveCfg = Release|Any CPU
		{CFE1E4FB-AC68-4B69-B788-948757DDBBA9}.Release|iPhoneSimulator.Build.0 = Release|Any CPU
		{CFE1E4FB-AC68-4B69-B788-948757DDBBA9}.Release|x64.ActiveCfg = Release|Any CPU
		{CFE1E4FB-AC68-4B69-B788-948757DDBBA9}.Release|x64.Build.0 = Release|Any CPU
		{CFE1E4FB-AC68-4B69-B788-948757DDBBA9}.Release|x86.ActiveCfg = Release|Any CPU
		{CFE1E4FB-AC68-4B69-B788-948757DDBBA9}.Release|x86.Build.0 = Release|Any CPU
		{F68C7994-F177-44EC-A403-1931FAFEB958}.Ad-Hoc|Any CPU.ActiveCfg = Release|Any CPU
		{F68C7994-F177-44EC-A403-1931FAFEB958}.Ad-Hoc|Any CPU.Build.0 = Release|Any CPU
		{F68C7994-F177-44EC-A403-1931FAFEB958}.Ad-Hoc|ARM.ActiveCfg = Release|Any CPU
		{F68C7994-F177-44EC-A403-1931FAFEB958}.Ad-Hoc|ARM.Build.0 = Release|Any CPU
		{F68C7994-F177-44EC-A403-1931FAFEB958}.Ad-Hoc|ARM64.ActiveCfg = Debug|Any CPU
		{F68C7994-F177-44EC-A403-1931FAFEB958}.Ad-Hoc|ARM64.Build.0 = Debug|Any CPU
		{F68C7994-F177-44EC-A403-1931FAFEB958}.Ad-Hoc|iPhone.ActiveCfg = Release|Any CPU
		{F68C7994-F177-44EC-A403-1931FAFEB958}.Ad-Hoc|iPhone.Build.0 = Release|Any CPU
		{F68C7994-F177-44EC-A403-1931FAFEB958}.Ad-Hoc|iPhoneSimulator.ActiveCfg = Release|Any CPU
		{F68C7994-F177-44EC-A403-1931FAFEB958}.Ad-Hoc|iPhoneSimulator.Build.0 = Release|Any CPU
		{F68C7994-F177-44EC-A403-1931FAFEB958}.Ad-Hoc|x64.ActiveCfg = Release|Any CPU
		{F68C7994-F177-44EC-A403-1931FAFEB958}.Ad-Hoc|x64.Build.0 = Release|Any CPU
		{F68C7994-F177-44EC-A403-1931FAFEB958}.Ad-Hoc|x86.ActiveCfg = Release|Any CPU
		{F68C7994-F177-44EC-A403-1931FAFEB958}.Ad-Hoc|x86.Build.0 = Release|Any CPU
		{F68C7994-F177-44EC-A403-1931FAFEB958}.AppCenter_Android|Any CPU.ActiveCfg = Debug|Any CPU
		{F68C7994-F177-44EC-A403-1931FAFEB958}.AppCenter_Android|Any CPU.Build.0 = Debug|Any CPU
		{F68C7994-F177-44EC-A403-1931FAFEB958}.AppCenter_Android|ARM.ActiveCfg = Debug|Any CPU
		{F68C7994-F177-44EC-A403-1931FAFEB958}.AppCenter_Android|ARM.Build.0 = Debug|Any CPU
		{F68C7994-F177-44EC-A403-1931FAFEB958}.AppCenter_Android|ARM64.ActiveCfg = Debug|Any CPU
		{F68C7994-F177-44EC-A403-1931FAFEB958}.AppCenter_Android|ARM64.Build.0 = Debug|Any CPU
		{F68C7994-F177-44EC-A403-1931FAFEB958}.AppCenter_Android|iPhone.ActiveCfg = Debug|Any CPU
		{F68C7994-F177-44EC-A403-1931FAFEB958}.AppCenter_Android|iPhone.Build.0 = Debug|Any CPU
		{F68C7994-F177-44EC-A403-1931FAFEB958}.AppCenter_Android|iPhoneSimulator.ActiveCfg = Debug|Any CPU
		{F68C7994-F177-44EC-A403-1931FAFEB958}.AppCenter_Android|iPhoneSimulator.Build.0 = Debug|Any CPU
		{F68C7994-F177-44EC-A403-1931FAFEB958}.AppCenter_Android|x64.ActiveCfg = Debug|Any CPU
		{F68C7994-F177-44EC-A403-1931FAFEB958}.AppCenter_Android|x64.Build.0 = Debug|Any CPU
		{F68C7994-F177-44EC-A403-1931FAFEB958}.AppCenter_Android|x86.ActiveCfg = Debug|Any CPU
		{F68C7994-F177-44EC-A403-1931FAFEB958}.AppCenter_Android|x86.Build.0 = Debug|Any CPU
		{F68C7994-F177-44EC-A403-1931FAFEB958}.AppCenter_iOS|Any CPU.ActiveCfg = Debug|Any CPU
		{F68C7994-F177-44EC-A403-1931FAFEB958}.AppCenter_iOS|Any CPU.Build.0 = Debug|Any CPU
		{F68C7994-F177-44EC-A403-1931FAFEB958}.AppCenter_iOS|ARM.ActiveCfg = Debug|Any CPU
		{F68C7994-F177-44EC-A403-1931FAFEB958}.AppCenter_iOS|ARM.Build.0 = Debug|Any CPU
		{F68C7994-F177-44EC-A403-1931FAFEB958}.AppCenter_iOS|ARM64.ActiveCfg = Debug|Any CPU
		{F68C7994-F177-44EC-A403-1931FAFEB958}.AppCenter_iOS|ARM64.Build.0 = Debug|Any CPU
		{F68C7994-F177-44EC-A403-1931FAFEB958}.AppCenter_iOS|iPhone.ActiveCfg = Debug|Any CPU
		{F68C7994-F177-44EC-A403-1931FAFEB958}.AppCenter_iOS|iPhone.Build.0 = Debug|Any CPU
		{F68C7994-F177-44EC-A403-1931FAFEB958}.AppCenter_iOS|iPhoneSimulator.ActiveCfg = Debug|Any CPU
		{F68C7994-F177-44EC-A403-1931FAFEB958}.AppCenter_iOS|iPhoneSimulator.Build.0 = Debug|Any CPU
		{F68C7994-F177-44EC-A403-1931FAFEB958}.AppCenter_iOS|x64.ActiveCfg = Debug|Any CPU
		{F68C7994-F177-44EC-A403-1931FAFEB958}.AppCenter_iOS|x64.Build.0 = Debug|Any CPU
		{F68C7994-F177-44EC-A403-1931FAFEB958}.AppCenter_iOS|x86.ActiveCfg = Debug|Any CPU
		{F68C7994-F177-44EC-A403-1931FAFEB958}.AppCenter_iOS|x86.Build.0 = Debug|Any CPU
		{F68C7994-F177-44EC-A403-1931FAFEB958}.AppCenter_UWP|Any CPU.ActiveCfg = Debug|Any CPU
		{F68C7994-F177-44EC-A403-1931FAFEB958}.AppCenter_UWP|Any CPU.Build.0 = Debug|Any CPU
		{F68C7994-F177-44EC-A403-1931FAFEB958}.AppCenter_UWP|ARM.ActiveCfg = Debug|Any CPU
		{F68C7994-F177-44EC-A403-1931FAFEB958}.AppCenter_UWP|ARM.Build.0 = Debug|Any CPU
		{F68C7994-F177-44EC-A403-1931FAFEB958}.AppCenter_UWP|ARM64.ActiveCfg = Debug|Any CPU
		{F68C7994-F177-44EC-A403-1931FAFEB958}.AppCenter_UWP|ARM64.Build.0 = Debug|Any CPU
		{F68C7994-F177-44EC-A403-1931FAFEB958}.AppCenter_UWP|iPhone.ActiveCfg = Debug|Any CPU
		{F68C7994-F177-44EC-A403-1931FAFEB958}.AppCenter_UWP|iPhone.Build.0 = Debug|Any CPU
		{F68C7994-F177-44EC-A403-1931FAFEB958}.AppCenter_UWP|iPhoneSimulator.ActiveCfg = Debug|Any CPU
		{F68C7994-F177-44EC-A403-1931FAFEB958}.AppCenter_UWP|iPhoneSimulator.Build.0 = Debug|Any CPU
		{F68C7994-F177-44EC-A403-1931FAFEB958}.AppCenter_UWP|x64.ActiveCfg = Debug|Any CPU
		{F68C7994-F177-44EC-A403-1931FAFEB958}.AppCenter_UWP|x64.Build.0 = Debug|Any CPU
		{F68C7994-F177-44EC-A403-1931FAFEB958}.AppCenter_UWP|x86.ActiveCfg = Debug|Any CPU
		{F68C7994-F177-44EC-A403-1931FAFEB958}.AppCenter_UWP|x86.Build.0 = Debug|Any CPU
		{F68C7994-F177-44EC-A403-1931FAFEB958}.AppStore|Any CPU.ActiveCfg = Release|Any CPU
		{F68C7994-F177-44EC-A403-1931FAFEB958}.AppStore|Any CPU.Build.0 = Release|Any CPU
		{F68C7994-F177-44EC-A403-1931FAFEB958}.AppStore|ARM.ActiveCfg = Release|Any CPU
		{F68C7994-F177-44EC-A403-1931FAFEB958}.AppStore|ARM.Build.0 = Release|Any CPU
		{F68C7994-F177-44EC-A403-1931FAFEB958}.AppStore|ARM64.ActiveCfg = Debug|Any CPU
		{F68C7994-F177-44EC-A403-1931FAFEB958}.AppStore|ARM64.Build.0 = Debug|Any CPU
		{F68C7994-F177-44EC-A403-1931FAFEB958}.AppStore|iPhone.ActiveCfg = Release|Any CPU
		{F68C7994-F177-44EC-A403-1931FAFEB958}.AppStore|iPhone.Build.0 = Release|Any CPU
		{F68C7994-F177-44EC-A403-1931FAFEB958}.AppStore|iPhoneSimulator.ActiveCfg = Release|Any CPU
		{F68C7994-F177-44EC-A403-1931FAFEB958}.AppStore|iPhoneSimulator.Build.0 = Release|Any CPU
		{F68C7994-F177-44EC-A403-1931FAFEB958}.AppStore|x64.ActiveCfg = Release|Any CPU
		{F68C7994-F177-44EC-A403-1931FAFEB958}.AppStore|x64.Build.0 = Release|Any CPU
		{F68C7994-F177-44EC-A403-1931FAFEB958}.AppStore|x86.ActiveCfg = Release|Any CPU
		{F68C7994-F177-44EC-A403-1931FAFEB958}.AppStore|x86.Build.0 = Release|Any CPU
		{F68C7994-F177-44EC-A403-1931FAFEB958}.Debug|Any CPU.ActiveCfg = Debug|Any CPU
		{F68C7994-F177-44EC-A403-1931FAFEB958}.Debug|Any CPU.Build.0 = Debug|Any CPU
		{F68C7994-F177-44EC-A403-1931FAFEB958}.Debug|ARM.ActiveCfg = Debug|Any CPU
		{F68C7994-F177-44EC-A403-1931FAFEB958}.Debug|ARM.Build.0 = Debug|Any CPU
		{F68C7994-F177-44EC-A403-1931FAFEB958}.Debug|ARM64.ActiveCfg = Debug|Any CPU
		{F68C7994-F177-44EC-A403-1931FAFEB958}.Debug|ARM64.Build.0 = Debug|Any CPU
		{F68C7994-F177-44EC-A403-1931FAFEB958}.Debug|iPhone.ActiveCfg = Debug|Any CPU
		{F68C7994-F177-44EC-A403-1931FAFEB958}.Debug|iPhone.Build.0 = Debug|Any CPU
		{F68C7994-F177-44EC-A403-1931FAFEB958}.Debug|iPhoneSimulator.ActiveCfg = Debug|Any CPU
		{F68C7994-F177-44EC-A403-1931FAFEB958}.Debug|iPhoneSimulator.Build.0 = Debug|Any CPU
		{F68C7994-F177-44EC-A403-1931FAFEB958}.Debug|x64.ActiveCfg = Debug|Any CPU
		{F68C7994-F177-44EC-A403-1931FAFEB958}.Debug|x64.Build.0 = Debug|Any CPU
		{F68C7994-F177-44EC-A403-1931FAFEB958}.Debug|x86.ActiveCfg = Debug|Any CPU
		{F68C7994-F177-44EC-A403-1931FAFEB958}.Debug|x86.Build.0 = Debug|Any CPU
		{F68C7994-F177-44EC-A403-1931FAFEB958}.Release|Any CPU.ActiveCfg = Release|Any CPU
		{F68C7994-F177-44EC-A403-1931FAFEB958}.Release|Any CPU.Build.0 = Release|Any CPU
		{F68C7994-F177-44EC-A403-1931FAFEB958}.Release|ARM.ActiveCfg = Release|Any CPU
		{F68C7994-F177-44EC-A403-1931FAFEB958}.Release|ARM.Build.0 = Release|Any CPU
		{F68C7994-F177-44EC-A403-1931FAFEB958}.Release|ARM64.ActiveCfg = Release|Any CPU
		{F68C7994-F177-44EC-A403-1931FAFEB958}.Release|ARM64.Build.0 = Release|Any CPU
		{F68C7994-F177-44EC-A403-1931FAFEB958}.Release|iPhone.ActiveCfg = Release|Any CPU
		{F68C7994-F177-44EC-A403-1931FAFEB958}.Release|iPhone.Build.0 = Release|Any CPU
		{F68C7994-F177-44EC-A403-1931FAFEB958}.Release|iPhoneSimulator.ActiveCfg = Release|Any CPU
		{F68C7994-F177-44EC-A403-1931FAFEB958}.Release|iPhoneSimulator.Build.0 = Release|Any CPU
		{F68C7994-F177-44EC-A403-1931FAFEB958}.Release|x64.ActiveCfg = Release|Any CPU
		{F68C7994-F177-44EC-A403-1931FAFEB958}.Release|x64.Build.0 = Release|Any CPU
		{F68C7994-F177-44EC-A403-1931FAFEB958}.Release|x86.ActiveCfg = Release|Any CPU
		{F68C7994-F177-44EC-A403-1931FAFEB958}.Release|x86.Build.0 = Release|Any CPU
		{550DF24A-6657-4287-9CF2-B786DD205442}.Ad-Hoc|Any CPU.ActiveCfg = Release|Any CPU
		{550DF24A-6657-4287-9CF2-B786DD205442}.Ad-Hoc|Any CPU.Build.0 = Release|Any CPU
		{550DF24A-6657-4287-9CF2-B786DD205442}.Ad-Hoc|Any CPU.Deploy.0 = Release|Any CPU
		{550DF24A-6657-4287-9CF2-B786DD205442}.Ad-Hoc|ARM.ActiveCfg = Release|Any CPU
		{550DF24A-6657-4287-9CF2-B786DD205442}.Ad-Hoc|ARM.Build.0 = Release|Any CPU
		{550DF24A-6657-4287-9CF2-B786DD205442}.Ad-Hoc|ARM.Deploy.0 = Release|Any CPU
		{550DF24A-6657-4287-9CF2-B786DD205442}.Ad-Hoc|ARM64.ActiveCfg = Debug|Any CPU
		{550DF24A-6657-4287-9CF2-B786DD205442}.Ad-Hoc|ARM64.Build.0 = Debug|Any CPU
		{550DF24A-6657-4287-9CF2-B786DD205442}.Ad-Hoc|ARM64.Deploy.0 = Debug|Any CPU
		{550DF24A-6657-4287-9CF2-B786DD205442}.Ad-Hoc|iPhone.ActiveCfg = Release|Any CPU
		{550DF24A-6657-4287-9CF2-B786DD205442}.Ad-Hoc|iPhone.Build.0 = Release|Any CPU
		{550DF24A-6657-4287-9CF2-B786DD205442}.Ad-Hoc|iPhone.Deploy.0 = Release|Any CPU
		{550DF24A-6657-4287-9CF2-B786DD205442}.Ad-Hoc|iPhoneSimulator.ActiveCfg = Release|Any CPU
		{550DF24A-6657-4287-9CF2-B786DD205442}.Ad-Hoc|iPhoneSimulator.Build.0 = Release|Any CPU
		{550DF24A-6657-4287-9CF2-B786DD205442}.Ad-Hoc|iPhoneSimulator.Deploy.0 = Release|Any CPU
		{550DF24A-6657-4287-9CF2-B786DD205442}.Ad-Hoc|x64.ActiveCfg = Release|Any CPU
		{550DF24A-6657-4287-9CF2-B786DD205442}.Ad-Hoc|x64.Build.0 = Release|Any CPU
		{550DF24A-6657-4287-9CF2-B786DD205442}.Ad-Hoc|x64.Deploy.0 = Release|Any CPU
		{550DF24A-6657-4287-9CF2-B786DD205442}.Ad-Hoc|x86.ActiveCfg = Release|Any CPU
		{550DF24A-6657-4287-9CF2-B786DD205442}.Ad-Hoc|x86.Build.0 = Release|Any CPU
		{550DF24A-6657-4287-9CF2-B786DD205442}.Ad-Hoc|x86.Deploy.0 = Release|Any CPU
		{550DF24A-6657-4287-9CF2-B786DD205442}.AppCenter_Android|Any CPU.ActiveCfg = Release|Any CPU
		{550DF24A-6657-4287-9CF2-B786DD205442}.AppCenter_Android|Any CPU.Build.0 = Release|Any CPU
		{550DF24A-6657-4287-9CF2-B786DD205442}.AppCenter_Android|Any CPU.Deploy.0 = Release|Any CPU
		{550DF24A-6657-4287-9CF2-B786DD205442}.AppCenter_Android|ARM.ActiveCfg = Release|Any CPU
		{550DF24A-6657-4287-9CF2-B786DD205442}.AppCenter_Android|ARM.Build.0 = Release|Any CPU
		{550DF24A-6657-4287-9CF2-B786DD205442}.AppCenter_Android|ARM.Deploy.0 = Release|Any CPU
		{550DF24A-6657-4287-9CF2-B786DD205442}.AppCenter_Android|ARM64.ActiveCfg = Debug|Any CPU
		{550DF24A-6657-4287-9CF2-B786DD205442}.AppCenter_Android|ARM64.Build.0 = Debug|Any CPU
		{550DF24A-6657-4287-9CF2-B786DD205442}.AppCenter_Android|ARM64.Deploy.0 = Debug|Any CPU
		{550DF24A-6657-4287-9CF2-B786DD205442}.AppCenter_Android|iPhone.ActiveCfg = Debug|Any CPU
		{550DF24A-6657-4287-9CF2-B786DD205442}.AppCenter_Android|iPhone.Build.0 = Debug|Any CPU
		{550DF24A-6657-4287-9CF2-B786DD205442}.AppCenter_Android|iPhone.Deploy.0 = Debug|Any CPU
		{550DF24A-6657-4287-9CF2-B786DD205442}.AppCenter_Android|iPhoneSimulator.ActiveCfg = Debug|Any CPU
		{550DF24A-6657-4287-9CF2-B786DD205442}.AppCenter_Android|iPhoneSimulator.Build.0 = Debug|Any CPU
		{550DF24A-6657-4287-9CF2-B786DD205442}.AppCenter_Android|iPhoneSimulator.Deploy.0 = Debug|Any CPU
		{550DF24A-6657-4287-9CF2-B786DD205442}.AppCenter_Android|x64.ActiveCfg = Release|Any CPU
		{550DF24A-6657-4287-9CF2-B786DD205442}.AppCenter_Android|x64.Build.0 = Release|Any CPU
		{550DF24A-6657-4287-9CF2-B786DD205442}.AppCenter_Android|x64.Deploy.0 = Release|Any CPU
		{550DF24A-6657-4287-9CF2-B786DD205442}.AppCenter_Android|x86.ActiveCfg = Release|Any CPU
		{550DF24A-6657-4287-9CF2-B786DD205442}.AppCenter_Android|x86.Build.0 = Release|Any CPU
		{550DF24A-6657-4287-9CF2-B786DD205442}.AppCenter_Android|x86.Deploy.0 = Release|Any CPU
		{550DF24A-6657-4287-9CF2-B786DD205442}.AppCenter_iOS|Any CPU.ActiveCfg = Debug|Any CPU
		{550DF24A-6657-4287-9CF2-B786DD205442}.AppCenter_iOS|Any CPU.Build.0 = Debug|Any CPU
		{550DF24A-6657-4287-9CF2-B786DD205442}.AppCenter_iOS|Any CPU.Deploy.0 = Debug|Any CPU
		{550DF24A-6657-4287-9CF2-B786DD205442}.AppCenter_iOS|ARM.ActiveCfg = Debug|Any CPU
		{550DF24A-6657-4287-9CF2-B786DD205442}.AppCenter_iOS|ARM.Build.0 = Debug|Any CPU
		{550DF24A-6657-4287-9CF2-B786DD205442}.AppCenter_iOS|ARM.Deploy.0 = Debug|Any CPU
		{550DF24A-6657-4287-9CF2-B786DD205442}.AppCenter_iOS|ARM64.ActiveCfg = Debug|Any CPU
		{550DF24A-6657-4287-9CF2-B786DD205442}.AppCenter_iOS|ARM64.Build.0 = Debug|Any CPU
		{550DF24A-6657-4287-9CF2-B786DD205442}.AppCenter_iOS|ARM64.Deploy.0 = Debug|Any CPU
		{550DF24A-6657-4287-9CF2-B786DD205442}.AppCenter_iOS|iPhone.ActiveCfg = Debug|Any CPU
		{550DF24A-6657-4287-9CF2-B786DD205442}.AppCenter_iOS|iPhoneSimulator.ActiveCfg = Debug|Any CPU
		{550DF24A-6657-4287-9CF2-B786DD205442}.AppCenter_iOS|x64.ActiveCfg = Debug|Any CPU
		{550DF24A-6657-4287-9CF2-B786DD205442}.AppCenter_iOS|x64.Build.0 = Debug|Any CPU
		{550DF24A-6657-4287-9CF2-B786DD205442}.AppCenter_iOS|x64.Deploy.0 = Debug|Any CPU
		{550DF24A-6657-4287-9CF2-B786DD205442}.AppCenter_iOS|x86.ActiveCfg = Debug|Any CPU
		{550DF24A-6657-4287-9CF2-B786DD205442}.AppCenter_iOS|x86.Build.0 = Debug|Any CPU
		{550DF24A-6657-4287-9CF2-B786DD205442}.AppCenter_iOS|x86.Deploy.0 = Debug|Any CPU
		{550DF24A-6657-4287-9CF2-B786DD205442}.AppCenter_UWP|Any CPU.ActiveCfg = Debug|Any CPU
		{550DF24A-6657-4287-9CF2-B786DD205442}.AppCenter_UWP|ARM.ActiveCfg = Debug|Any CPU
		{550DF24A-6657-4287-9CF2-B786DD205442}.AppCenter_UWP|ARM64.ActiveCfg = Debug|Any CPU
		{550DF24A-6657-4287-9CF2-B786DD205442}.AppCenter_UWP|ARM64.Build.0 = Debug|Any CPU
		{550DF24A-6657-4287-9CF2-B786DD205442}.AppCenter_UWP|ARM64.Deploy.0 = Debug|Any CPU
		{550DF24A-6657-4287-9CF2-B786DD205442}.AppCenter_UWP|iPhone.ActiveCfg = Debug|Any CPU
		{550DF24A-6657-4287-9CF2-B786DD205442}.AppCenter_UWP|iPhone.Build.0 = Debug|Any CPU
		{550DF24A-6657-4287-9CF2-B786DD205442}.AppCenter_UWP|iPhone.Deploy.0 = Debug|Any CPU
		{550DF24A-6657-4287-9CF2-B786DD205442}.AppCenter_UWP|iPhoneSimulator.ActiveCfg = Debug|Any CPU
		{550DF24A-6657-4287-9CF2-B786DD205442}.AppCenter_UWP|iPhoneSimulator.Build.0 = Debug|Any CPU
		{550DF24A-6657-4287-9CF2-B786DD205442}.AppCenter_UWP|iPhoneSimulator.Deploy.0 = Debug|Any CPU
		{550DF24A-6657-4287-9CF2-B786DD205442}.AppCenter_UWP|x64.ActiveCfg = Debug|Any CPU
		{550DF24A-6657-4287-9CF2-B786DD205442}.AppCenter_UWP|x86.ActiveCfg = Debug|Any CPU
		{550DF24A-6657-4287-9CF2-B786DD205442}.AppStore|Any CPU.ActiveCfg = Release|Any CPU
		{550DF24A-6657-4287-9CF2-B786DD205442}.AppStore|Any CPU.Build.0 = Release|Any CPU
		{550DF24A-6657-4287-9CF2-B786DD205442}.AppStore|Any CPU.Deploy.0 = Release|Any CPU
		{550DF24A-6657-4287-9CF2-B786DD205442}.AppStore|ARM.ActiveCfg = Release|Any CPU
		{550DF24A-6657-4287-9CF2-B786DD205442}.AppStore|ARM.Build.0 = Release|Any CPU
		{550DF24A-6657-4287-9CF2-B786DD205442}.AppStore|ARM.Deploy.0 = Release|Any CPU
		{550DF24A-6657-4287-9CF2-B786DD205442}.AppStore|ARM64.ActiveCfg = Debug|Any CPU
		{550DF24A-6657-4287-9CF2-B786DD205442}.AppStore|ARM64.Build.0 = Debug|Any CPU
		{550DF24A-6657-4287-9CF2-B786DD205442}.AppStore|ARM64.Deploy.0 = Debug|Any CPU
		{550DF24A-6657-4287-9CF2-B786DD205442}.AppStore|iPhone.ActiveCfg = Release|Any CPU
		{550DF24A-6657-4287-9CF2-B786DD205442}.AppStore|iPhone.Build.0 = Release|Any CPU
		{550DF24A-6657-4287-9CF2-B786DD205442}.AppStore|iPhone.Deploy.0 = Release|Any CPU
		{550DF24A-6657-4287-9CF2-B786DD205442}.AppStore|iPhoneSimulator.ActiveCfg = Release|Any CPU
		{550DF24A-6657-4287-9CF2-B786DD205442}.AppStore|iPhoneSimulator.Build.0 = Release|Any CPU
		{550DF24A-6657-4287-9CF2-B786DD205442}.AppStore|iPhoneSimulator.Deploy.0 = Release|Any CPU
		{550DF24A-6657-4287-9CF2-B786DD205442}.AppStore|x64.ActiveCfg = Release|Any CPU
		{550DF24A-6657-4287-9CF2-B786DD205442}.AppStore|x64.Build.0 = Release|Any CPU
		{550DF24A-6657-4287-9CF2-B786DD205442}.AppStore|x64.Deploy.0 = Release|Any CPU
		{550DF24A-6657-4287-9CF2-B786DD205442}.AppStore|x86.ActiveCfg = Release|Any CPU
		{550DF24A-6657-4287-9CF2-B786DD205442}.AppStore|x86.Build.0 = Release|Any CPU
		{550DF24A-6657-4287-9CF2-B786DD205442}.AppStore|x86.Deploy.0 = Release|Any CPU
		{550DF24A-6657-4287-9CF2-B786DD205442}.Debug|Any CPU.ActiveCfg = Debug|Any CPU
		{550DF24A-6657-4287-9CF2-B786DD205442}.Debug|Any CPU.Build.0 = Debug|Any CPU
		{550DF24A-6657-4287-9CF2-B786DD205442}.Debug|Any CPU.Deploy.0 = Debug|Any CPU
		{550DF24A-6657-4287-9CF2-B786DD205442}.Debug|ARM.ActiveCfg = Debug|Any CPU
		{550DF24A-6657-4287-9CF2-B786DD205442}.Debug|ARM.Build.0 = Debug|Any CPU
		{550DF24A-6657-4287-9CF2-B786DD205442}.Debug|ARM.Deploy.0 = Debug|Any CPU
		{550DF24A-6657-4287-9CF2-B786DD205442}.Debug|ARM64.ActiveCfg = Debug|Any CPU
		{550DF24A-6657-4287-9CF2-B786DD205442}.Debug|ARM64.Build.0 = Debug|Any CPU
		{550DF24A-6657-4287-9CF2-B786DD205442}.Debug|ARM64.Deploy.0 = Debug|Any CPU
		{550DF24A-6657-4287-9CF2-B786DD205442}.Debug|iPhone.ActiveCfg = Debug|Any CPU
		{550DF24A-6657-4287-9CF2-B786DD205442}.Debug|iPhoneSimulator.ActiveCfg = Debug|Any CPU
		{550DF24A-6657-4287-9CF2-B786DD205442}.Debug|iPhoneSimulator.Build.0 = Debug|Any CPU
		{550DF24A-6657-4287-9CF2-B786DD205442}.Debug|iPhoneSimulator.Deploy.0 = Debug|Any CPU
		{550DF24A-6657-4287-9CF2-B786DD205442}.Debug|x64.ActiveCfg = Debug|Any CPU
		{550DF24A-6657-4287-9CF2-B786DD205442}.Debug|x64.Build.0 = Debug|Any CPU
		{550DF24A-6657-4287-9CF2-B786DD205442}.Debug|x64.Deploy.0 = Debug|Any CPU
		{550DF24A-6657-4287-9CF2-B786DD205442}.Debug|x86.ActiveCfg = Debug|Any CPU
		{550DF24A-6657-4287-9CF2-B786DD205442}.Debug|x86.Build.0 = Debug|Any CPU
		{550DF24A-6657-4287-9CF2-B786DD205442}.Debug|x86.Deploy.0 = Debug|Any CPU
		{550DF24A-6657-4287-9CF2-B786DD205442}.Release|Any CPU.ActiveCfg = Release|Any CPU
		{550DF24A-6657-4287-9CF2-B786DD205442}.Release|Any CPU.Build.0 = Release|Any CPU
		{550DF24A-6657-4287-9CF2-B786DD205442}.Release|Any CPU.Deploy.0 = Release|Any CPU
		{550DF24A-6657-4287-9CF2-B786DD205442}.Release|ARM.ActiveCfg = Release|Any CPU
		{550DF24A-6657-4287-9CF2-B786DD205442}.Release|ARM.Build.0 = Release|Any CPU
		{550DF24A-6657-4287-9CF2-B786DD205442}.Release|ARM.Deploy.0 = Release|Any CPU
		{550DF24A-6657-4287-9CF2-B786DD205442}.Release|ARM64.ActiveCfg = Release|Any CPU
		{550DF24A-6657-4287-9CF2-B786DD205442}.Release|ARM64.Build.0 = Release|Any CPU
		{550DF24A-6657-4287-9CF2-B786DD205442}.Release|ARM64.Deploy.0 = Release|Any CPU
		{550DF24A-6657-4287-9CF2-B786DD205442}.Release|iPhone.ActiveCfg = Release|Any CPU
		{550DF24A-6657-4287-9CF2-B786DD205442}.Release|iPhoneSimulator.ActiveCfg = Release|Any CPU
		{550DF24A-6657-4287-9CF2-B786DD205442}.Release|iPhoneSimulator.Build.0 = Release|Any CPU
		{550DF24A-6657-4287-9CF2-B786DD205442}.Release|iPhoneSimulator.Deploy.0 = Release|Any CPU
		{550DF24A-6657-4287-9CF2-B786DD205442}.Release|x64.ActiveCfg = Release|Any CPU
		{550DF24A-6657-4287-9CF2-B786DD205442}.Release|x64.Build.0 = Release|Any CPU
		{550DF24A-6657-4287-9CF2-B786DD205442}.Release|x64.Deploy.0 = Release|Any CPU
		{550DF24A-6657-4287-9CF2-B786DD205442}.Release|x86.ActiveCfg = Release|Any CPU
		{550DF24A-6657-4287-9CF2-B786DD205442}.Release|x86.Build.0 = Release|Any CPU
		{550DF24A-6657-4287-9CF2-B786DD205442}.Release|x86.Deploy.0 = Release|Any CPU
		{76EB105A-FF77-47FF-A42E-569EFB425B33}.Ad-Hoc|Any CPU.ActiveCfg = Ad-Hoc|iPhone
		{76EB105A-FF77-47FF-A42E-569EFB425B33}.Ad-Hoc|ARM.ActiveCfg = Ad-Hoc|iPhone
		{76EB105A-FF77-47FF-A42E-569EFB425B33}.Ad-Hoc|ARM64.ActiveCfg = Ad-Hoc|iPhoneSimulator
		{76EB105A-FF77-47FF-A42E-569EFB425B33}.Ad-Hoc|iPhone.ActiveCfg = Ad-Hoc|iPhone
		{76EB105A-FF77-47FF-A42E-569EFB425B33}.Ad-Hoc|iPhone.Build.0 = Ad-Hoc|iPhone
		{76EB105A-FF77-47FF-A42E-569EFB425B33}.Ad-Hoc|iPhoneSimulator.ActiveCfg = Ad-Hoc|iPhoneSimulator
		{76EB105A-FF77-47FF-A42E-569EFB425B33}.Ad-Hoc|iPhoneSimulator.Build.0 = Ad-Hoc|iPhoneSimulator
		{76EB105A-FF77-47FF-A42E-569EFB425B33}.Ad-Hoc|x64.ActiveCfg = Ad-Hoc|iPhone
		{76EB105A-FF77-47FF-A42E-569EFB425B33}.Ad-Hoc|x86.ActiveCfg = Ad-Hoc|iPhone
		{76EB105A-FF77-47FF-A42E-569EFB425B33}.AppCenter_Android|Any CPU.ActiveCfg = Release|iPhoneSimulator
		{76EB105A-FF77-47FF-A42E-569EFB425B33}.AppCenter_Android|ARM.ActiveCfg = Release|iPhoneSimulator
		{76EB105A-FF77-47FF-A42E-569EFB425B33}.AppCenter_Android|ARM64.ActiveCfg = Debug|iPhoneSimulator
		{76EB105A-FF77-47FF-A42E-569EFB425B33}.AppCenter_Android|ARM64.Build.0 = Debug|iPhoneSimulator
		{76EB105A-FF77-47FF-A42E-569EFB425B33}.AppCenter_Android|iPhone.ActiveCfg = AppStore|iPhone
		{76EB105A-FF77-47FF-A42E-569EFB425B33}.AppCenter_Android|iPhone.Build.0 = AppStore|iPhone
		{76EB105A-FF77-47FF-A42E-569EFB425B33}.AppCenter_Android|iPhoneSimulator.ActiveCfg = AppStore|iPhoneSimulator
		{76EB105A-FF77-47FF-A42E-569EFB425B33}.AppCenter_Android|iPhoneSimulator.Build.0 = AppStore|iPhoneSimulator
		{76EB105A-FF77-47FF-A42E-569EFB425B33}.AppCenter_Android|x64.ActiveCfg = Release|iPhoneSimulator
		{76EB105A-FF77-47FF-A42E-569EFB425B33}.AppCenter_Android|x86.ActiveCfg = Release|iPhoneSimulator
		{76EB105A-FF77-47FF-A42E-569EFB425B33}.AppCenter_iOS|Any CPU.ActiveCfg = Release|iPhoneSimulator
		{76EB105A-FF77-47FF-A42E-569EFB425B33}.AppCenter_iOS|Any CPU.Build.0 = Release|iPhoneSimulator
		{76EB105A-FF77-47FF-A42E-569EFB425B33}.AppCenter_iOS|ARM.ActiveCfg = Release|iPhoneSimulator
		{76EB105A-FF77-47FF-A42E-569EFB425B33}.AppCenter_iOS|ARM.Build.0 = Release|iPhoneSimulator
		{76EB105A-FF77-47FF-A42E-569EFB425B33}.AppCenter_iOS|ARM64.ActiveCfg = Debug|iPhoneSimulator
		{76EB105A-FF77-47FF-A42E-569EFB425B33}.AppCenter_iOS|ARM64.Build.0 = Debug|iPhoneSimulator
		{76EB105A-FF77-47FF-A42E-569EFB425B33}.AppCenter_iOS|iPhone.ActiveCfg = Release|iPhone
		{76EB105A-FF77-47FF-A42E-569EFB425B33}.AppCenter_iOS|iPhone.Build.0 = Release|iPhone
		{76EB105A-FF77-47FF-A42E-569EFB425B33}.AppCenter_iOS|iPhoneSimulator.ActiveCfg = AppStore|iPhoneSimulator
		{76EB105A-FF77-47FF-A42E-569EFB425B33}.AppCenter_iOS|iPhoneSimulator.Build.0 = AppStore|iPhoneSimulator
		{76EB105A-FF77-47FF-A42E-569EFB425B33}.AppCenter_iOS|x64.ActiveCfg = Release|iPhoneSimulator
		{76EB105A-FF77-47FF-A42E-569EFB425B33}.AppCenter_iOS|x64.Build.0 = Release|iPhoneSimulator
		{76EB105A-FF77-47FF-A42E-569EFB425B33}.AppCenter_iOS|x86.ActiveCfg = Release|iPhoneSimulator
		{76EB105A-FF77-47FF-A42E-569EFB425B33}.AppCenter_iOS|x86.Build.0 = Release|iPhoneSimulator
		{76EB105A-FF77-47FF-A42E-569EFB425B33}.AppCenter_UWP|Any CPU.ActiveCfg = Release|iPhoneSimulator
		{76EB105A-FF77-47FF-A42E-569EFB425B33}.AppCenter_UWP|ARM.ActiveCfg = Release|iPhoneSimulator
		{76EB105A-FF77-47FF-A42E-569EFB425B33}.AppCenter_UWP|ARM64.ActiveCfg = Debug|iPhoneSimulator
		{76EB105A-FF77-47FF-A42E-569EFB425B33}.AppCenter_UWP|ARM64.Build.0 = Debug|iPhoneSimulator
		{76EB105A-FF77-47FF-A42E-569EFB425B33}.AppCenter_UWP|iPhone.ActiveCfg = AppStore|iPhone
		{76EB105A-FF77-47FF-A42E-569EFB425B33}.AppCenter_UWP|iPhone.Build.0 = AppStore|iPhone
		{76EB105A-FF77-47FF-A42E-569EFB425B33}.AppCenter_UWP|iPhoneSimulator.ActiveCfg = AppStore|iPhoneSimulator
		{76EB105A-FF77-47FF-A42E-569EFB425B33}.AppCenter_UWP|iPhoneSimulator.Build.0 = AppStore|iPhoneSimulator
		{76EB105A-FF77-47FF-A42E-569EFB425B33}.AppCenter_UWP|x64.ActiveCfg = Release|iPhoneSimulator
		{76EB105A-FF77-47FF-A42E-569EFB425B33}.AppCenter_UWP|x86.ActiveCfg = Release|iPhoneSimulator
		{76EB105A-FF77-47FF-A42E-569EFB425B33}.AppStore|Any CPU.ActiveCfg = AppStore|iPhone
		{76EB105A-FF77-47FF-A42E-569EFB425B33}.AppStore|ARM.ActiveCfg = AppStore|iPhone
		{76EB105A-FF77-47FF-A42E-569EFB425B33}.AppStore|ARM64.ActiveCfg = AppStore|iPhoneSimulator
		{76EB105A-FF77-47FF-A42E-569EFB425B33}.AppStore|iPhone.ActiveCfg = AppStore|iPhone
		{76EB105A-FF77-47FF-A42E-569EFB425B33}.AppStore|iPhone.Build.0 = AppStore|iPhone
		{76EB105A-FF77-47FF-A42E-569EFB425B33}.AppStore|iPhoneSimulator.ActiveCfg = AppStore|iPhoneSimulator
		{76EB105A-FF77-47FF-A42E-569EFB425B33}.AppStore|iPhoneSimulator.Build.0 = AppStore|iPhoneSimulator
		{76EB105A-FF77-47FF-A42E-569EFB425B33}.AppStore|x64.ActiveCfg = AppStore|iPhone
		{76EB105A-FF77-47FF-A42E-569EFB425B33}.AppStore|x86.ActiveCfg = AppStore|iPhone
		{76EB105A-FF77-47FF-A42E-569EFB425B33}.Debug|Any CPU.ActiveCfg = Debug|iPhone
		{76EB105A-FF77-47FF-A42E-569EFB425B33}.Debug|ARM.ActiveCfg = Debug|iPhone
		{76EB105A-FF77-47FF-A42E-569EFB425B33}.Debug|ARM64.ActiveCfg = Debug|iPhoneSimulator
		{76EB105A-FF77-47FF-A42E-569EFB425B33}.Debug|iPhone.ActiveCfg = Debug|iPhone
		{76EB105A-FF77-47FF-A42E-569EFB425B33}.Debug|iPhone.Build.0 = Debug|iPhone
		{76EB105A-FF77-47FF-A42E-569EFB425B33}.Debug|iPhone.Deploy.0 = Debug|iPhone
		{76EB105A-FF77-47FF-A42E-569EFB425B33}.Debug|iPhoneSimulator.ActiveCfg = Debug|iPhoneSimulator
		{76EB105A-FF77-47FF-A42E-569EFB425B33}.Debug|iPhoneSimulator.Build.0 = Debug|iPhoneSimulator
		{76EB105A-FF77-47FF-A42E-569EFB425B33}.Debug|x64.ActiveCfg = Debug|iPhone
		{76EB105A-FF77-47FF-A42E-569EFB425B33}.Debug|x64.Build.0 = Debug|iPhone
		{76EB105A-FF77-47FF-A42E-569EFB425B33}.Debug|x86.ActiveCfg = Debug|iPhone
		{76EB105A-FF77-47FF-A42E-569EFB425B33}.Debug|x86.Build.0 = Debug|iPhone
		{76EB105A-FF77-47FF-A42E-569EFB425B33}.Release|Any CPU.ActiveCfg = Release|iPhone
		{76EB105A-FF77-47FF-A42E-569EFB425B33}.Release|ARM.ActiveCfg = Release|iPhone
		{76EB105A-FF77-47FF-A42E-569EFB425B33}.Release|ARM64.ActiveCfg = Release|iPhone
		{76EB105A-FF77-47FF-A42E-569EFB425B33}.Release|iPhone.ActiveCfg = Release|iPhone
		{76EB105A-FF77-47FF-A42E-569EFB425B33}.Release|iPhone.Build.0 = Release|iPhone
		{76EB105A-FF77-47FF-A42E-569EFB425B33}.Release|iPhone.Deploy.0 = Release|iPhone
		{76EB105A-FF77-47FF-A42E-569EFB425B33}.Release|iPhoneSimulator.ActiveCfg = Release|iPhoneSimulator
		{76EB105A-FF77-47FF-A42E-569EFB425B33}.Release|iPhoneSimulator.Build.0 = Release|iPhoneSimulator
		{76EB105A-FF77-47FF-A42E-569EFB425B33}.Release|x64.ActiveCfg = Release|iPhone
		{76EB105A-FF77-47FF-A42E-569EFB425B33}.Release|x86.ActiveCfg = Release|iPhone
		{3E5B2518-60BD-44D9-856D-0C6264329C52}.Ad-Hoc|Any CPU.ActiveCfg = Release|x64
		{3E5B2518-60BD-44D9-856D-0C6264329C52}.Ad-Hoc|Any CPU.Build.0 = Release|x64
		{3E5B2518-60BD-44D9-856D-0C6264329C52}.Ad-Hoc|Any CPU.Deploy.0 = Release|x64
		{3E5B2518-60BD-44D9-856D-0C6264329C52}.Ad-Hoc|ARM.ActiveCfg = Release|ARM
		{3E5B2518-60BD-44D9-856D-0C6264329C52}.Ad-Hoc|ARM.Build.0 = Release|ARM
		{3E5B2518-60BD-44D9-856D-0C6264329C52}.Ad-Hoc|ARM.Deploy.0 = Release|ARM
		{3E5B2518-60BD-44D9-856D-0C6264329C52}.Ad-Hoc|ARM64.ActiveCfg = Debug|x64
		{3E5B2518-60BD-44D9-856D-0C6264329C52}.Ad-Hoc|ARM64.Build.0 = Debug|x64
		{3E5B2518-60BD-44D9-856D-0C6264329C52}.Ad-Hoc|ARM64.Deploy.0 = Debug|x64
		{3E5B2518-60BD-44D9-856D-0C6264329C52}.Ad-Hoc|iPhone.ActiveCfg = Release|x64
		{3E5B2518-60BD-44D9-856D-0C6264329C52}.Ad-Hoc|iPhone.Build.0 = Release|x64
		{3E5B2518-60BD-44D9-856D-0C6264329C52}.Ad-Hoc|iPhone.Deploy.0 = Release|x64
		{3E5B2518-60BD-44D9-856D-0C6264329C52}.Ad-Hoc|iPhoneSimulator.ActiveCfg = Release|x64
		{3E5B2518-60BD-44D9-856D-0C6264329C52}.Ad-Hoc|iPhoneSimulator.Build.0 = Release|x64
		{3E5B2518-60BD-44D9-856D-0C6264329C52}.Ad-Hoc|iPhoneSimulator.Deploy.0 = Release|x64
		{3E5B2518-60BD-44D9-856D-0C6264329C52}.Ad-Hoc|x64.ActiveCfg = Release|x64
		{3E5B2518-60BD-44D9-856D-0C6264329C52}.Ad-Hoc|x64.Build.0 = Release|x64
		{3E5B2518-60BD-44D9-856D-0C6264329C52}.Ad-Hoc|x64.Deploy.0 = Release|x64
		{3E5B2518-60BD-44D9-856D-0C6264329C52}.Ad-Hoc|x86.ActiveCfg = Release|x86
		{3E5B2518-60BD-44D9-856D-0C6264329C52}.Ad-Hoc|x86.Build.0 = Release|x86
		{3E5B2518-60BD-44D9-856D-0C6264329C52}.Ad-Hoc|x86.Deploy.0 = Release|x86
		{3E5B2518-60BD-44D9-856D-0C6264329C52}.AppCenter_Android|Any CPU.ActiveCfg = Debug|x86
		{3E5B2518-60BD-44D9-856D-0C6264329C52}.AppCenter_Android|ARM.ActiveCfg = Debug|ARM
		{3E5B2518-60BD-44D9-856D-0C6264329C52}.AppCenter_Android|ARM64.ActiveCfg = Debug|x64
		{3E5B2518-60BD-44D9-856D-0C6264329C52}.AppCenter_Android|ARM64.Build.0 = Debug|x64
		{3E5B2518-60BD-44D9-856D-0C6264329C52}.AppCenter_Android|ARM64.Deploy.0 = Debug|x64
		{3E5B2518-60BD-44D9-856D-0C6264329C52}.AppCenter_Android|iPhone.ActiveCfg = Debug|x86
		{3E5B2518-60BD-44D9-856D-0C6264329C52}.AppCenter_Android|iPhone.Build.0 = Debug|x86
		{3E5B2518-60BD-44D9-856D-0C6264329C52}.AppCenter_Android|iPhone.Deploy.0 = Debug|x86
		{3E5B2518-60BD-44D9-856D-0C6264329C52}.AppCenter_Android|iPhoneSimulator.ActiveCfg = Debug|x86
		{3E5B2518-60BD-44D9-856D-0C6264329C52}.AppCenter_Android|iPhoneSimulator.Build.0 = Debug|x86
		{3E5B2518-60BD-44D9-856D-0C6264329C52}.AppCenter_Android|iPhoneSimulator.Deploy.0 = Debug|x86
		{3E5B2518-60BD-44D9-856D-0C6264329C52}.AppCenter_Android|x64.ActiveCfg = Debug|x64
		{3E5B2518-60BD-44D9-856D-0C6264329C52}.AppCenter_Android|x86.ActiveCfg = Debug|x86
		{3E5B2518-60BD-44D9-856D-0C6264329C52}.AppCenter_iOS|Any CPU.ActiveCfg = Debug|x86
		{3E5B2518-60BD-44D9-856D-0C6264329C52}.AppCenter_iOS|Any CPU.Build.0 = Debug|x86
		{3E5B2518-60BD-44D9-856D-0C6264329C52}.AppCenter_iOS|Any CPU.Deploy.0 = Debug|x86
		{3E5B2518-60BD-44D9-856D-0C6264329C52}.AppCenter_iOS|ARM.ActiveCfg = Debug|ARM
		{3E5B2518-60BD-44D9-856D-0C6264329C52}.AppCenter_iOS|ARM.Build.0 = Debug|ARM
		{3E5B2518-60BD-44D9-856D-0C6264329C52}.AppCenter_iOS|ARM.Deploy.0 = Debug|ARM
		{3E5B2518-60BD-44D9-856D-0C6264329C52}.AppCenter_iOS|ARM64.ActiveCfg = Debug|x64
		{3E5B2518-60BD-44D9-856D-0C6264329C52}.AppCenter_iOS|ARM64.Build.0 = Debug|x64
		{3E5B2518-60BD-44D9-856D-0C6264329C52}.AppCenter_iOS|ARM64.Deploy.0 = Debug|x64
		{3E5B2518-60BD-44D9-856D-0C6264329C52}.AppCenter_iOS|iPhone.ActiveCfg = Debug|x86
		{3E5B2518-60BD-44D9-856D-0C6264329C52}.AppCenter_iOS|iPhoneSimulator.ActiveCfg = Debug|x86
		{3E5B2518-60BD-44D9-856D-0C6264329C52}.AppCenter_iOS|x64.ActiveCfg = Debug|x64
		{3E5B2518-60BD-44D9-856D-0C6264329C52}.AppCenter_iOS|x64.Build.0 = Debug|x64
		{3E5B2518-60BD-44D9-856D-0C6264329C52}.AppCenter_iOS|x64.Deploy.0 = Debug|x64
		{3E5B2518-60BD-44D9-856D-0C6264329C52}.AppCenter_iOS|x86.ActiveCfg = Debug|x86
		{3E5B2518-60BD-44D9-856D-0C6264329C52}.AppCenter_iOS|x86.Build.0 = Debug|x86
		{3E5B2518-60BD-44D9-856D-0C6264329C52}.AppCenter_iOS|x86.Deploy.0 = Debug|x86
		{3E5B2518-60BD-44D9-856D-0C6264329C52}.AppCenter_UWP|Any CPU.ActiveCfg = Debug|x86
		{3E5B2518-60BD-44D9-856D-0C6264329C52}.AppCenter_UWP|Any CPU.Build.0 = Debug|x86
		{3E5B2518-60BD-44D9-856D-0C6264329C52}.AppCenter_UWP|Any CPU.Deploy.0 = Debug|x86
		{3E5B2518-60BD-44D9-856D-0C6264329C52}.AppCenter_UWP|ARM.ActiveCfg = Debug|ARM
		{3E5B2518-60BD-44D9-856D-0C6264329C52}.AppCenter_UWP|ARM.Build.0 = Debug|ARM
		{3E5B2518-60BD-44D9-856D-0C6264329C52}.AppCenter_UWP|ARM.Deploy.0 = Debug|ARM
		{3E5B2518-60BD-44D9-856D-0C6264329C52}.AppCenter_UWP|ARM64.ActiveCfg = Debug|x64
		{3E5B2518-60BD-44D9-856D-0C6264329C52}.AppCenter_UWP|ARM64.Build.0 = Debug|x64
		{3E5B2518-60BD-44D9-856D-0C6264329C52}.AppCenter_UWP|ARM64.Deploy.0 = Debug|x64
		{3E5B2518-60BD-44D9-856D-0C6264329C52}.AppCenter_UWP|iPhone.ActiveCfg = Debug|x86
		{3E5B2518-60BD-44D9-856D-0C6264329C52}.AppCenter_UWP|iPhone.Build.0 = Debug|x86
		{3E5B2518-60BD-44D9-856D-0C6264329C52}.AppCenter_UWP|iPhone.Deploy.0 = Debug|x86
		{3E5B2518-60BD-44D9-856D-0C6264329C52}.AppCenter_UWP|iPhoneSimulator.ActiveCfg = Debug|x86
		{3E5B2518-60BD-44D9-856D-0C6264329C52}.AppCenter_UWP|iPhoneSimulator.Build.0 = Debug|x86
		{3E5B2518-60BD-44D9-856D-0C6264329C52}.AppCenter_UWP|iPhoneSimulator.Deploy.0 = Debug|x86
		{3E5B2518-60BD-44D9-856D-0C6264329C52}.AppCenter_UWP|x64.ActiveCfg = Debug|x64
		{3E5B2518-60BD-44D9-856D-0C6264329C52}.AppCenter_UWP|x64.Build.0 = Debug|x64
		{3E5B2518-60BD-44D9-856D-0C6264329C52}.AppCenter_UWP|x64.Deploy.0 = Debug|x64
		{3E5B2518-60BD-44D9-856D-0C6264329C52}.AppCenter_UWP|x86.ActiveCfg = Debug|x86
		{3E5B2518-60BD-44D9-856D-0C6264329C52}.AppCenter_UWP|x86.Build.0 = Debug|x86
		{3E5B2518-60BD-44D9-856D-0C6264329C52}.AppCenter_UWP|x86.Deploy.0 = Debug|x86
		{3E5B2518-60BD-44D9-856D-0C6264329C52}.AppStore|Any CPU.ActiveCfg = Release|x64
		{3E5B2518-60BD-44D9-856D-0C6264329C52}.AppStore|Any CPU.Build.0 = Release|x64
		{3E5B2518-60BD-44D9-856D-0C6264329C52}.AppStore|Any CPU.Deploy.0 = Release|x64
		{3E5B2518-60BD-44D9-856D-0C6264329C52}.AppStore|ARM.ActiveCfg = Release|ARM
		{3E5B2518-60BD-44D9-856D-0C6264329C52}.AppStore|ARM.Build.0 = Release|ARM
		{3E5B2518-60BD-44D9-856D-0C6264329C52}.AppStore|ARM.Deploy.0 = Release|ARM
		{3E5B2518-60BD-44D9-856D-0C6264329C52}.AppStore|ARM64.ActiveCfg = Debug|x64
		{3E5B2518-60BD-44D9-856D-0C6264329C52}.AppStore|ARM64.Build.0 = Debug|x64
		{3E5B2518-60BD-44D9-856D-0C6264329C52}.AppStore|ARM64.Deploy.0 = Debug|x64
		{3E5B2518-60BD-44D9-856D-0C6264329C52}.AppStore|iPhone.ActiveCfg = Release|x64
		{3E5B2518-60BD-44D9-856D-0C6264329C52}.AppStore|iPhone.Build.0 = Release|x64
		{3E5B2518-60BD-44D9-856D-0C6264329C52}.AppStore|iPhone.Deploy.0 = Release|x64
		{3E5B2518-60BD-44D9-856D-0C6264329C52}.AppStore|iPhoneSimulator.ActiveCfg = Release|x64
		{3E5B2518-60BD-44D9-856D-0C6264329C52}.AppStore|iPhoneSimulator.Build.0 = Release|x64
		{3E5B2518-60BD-44D9-856D-0C6264329C52}.AppStore|iPhoneSimulator.Deploy.0 = Release|x64
		{3E5B2518-60BD-44D9-856D-0C6264329C52}.AppStore|x64.ActiveCfg = Release|x64
		{3E5B2518-60BD-44D9-856D-0C6264329C52}.AppStore|x64.Build.0 = Release|x64
		{3E5B2518-60BD-44D9-856D-0C6264329C52}.AppStore|x64.Deploy.0 = Release|x64
		{3E5B2518-60BD-44D9-856D-0C6264329C52}.AppStore|x86.ActiveCfg = Release|x86
		{3E5B2518-60BD-44D9-856D-0C6264329C52}.AppStore|x86.Build.0 = Release|x86
		{3E5B2518-60BD-44D9-856D-0C6264329C52}.AppStore|x86.Deploy.0 = Release|x86
		{3E5B2518-60BD-44D9-856D-0C6264329C52}.Debug|Any CPU.ActiveCfg = Debug|x86
		{3E5B2518-60BD-44D9-856D-0C6264329C52}.Debug|Any CPU.Build.0 = Debug|x86
		{3E5B2518-60BD-44D9-856D-0C6264329C52}.Debug|Any CPU.Deploy.0 = Debug|x86
		{3E5B2518-60BD-44D9-856D-0C6264329C52}.Debug|ARM.ActiveCfg = Debug|ARM
		{3E5B2518-60BD-44D9-856D-0C6264329C52}.Debug|ARM.Build.0 = Debug|ARM
		{3E5B2518-60BD-44D9-856D-0C6264329C52}.Debug|ARM.Deploy.0 = Debug|ARM
		{3E5B2518-60BD-44D9-856D-0C6264329C52}.Debug|ARM64.ActiveCfg = Debug|x86
		{3E5B2518-60BD-44D9-856D-0C6264329C52}.Debug|iPhone.ActiveCfg = Debug|x86
		{3E5B2518-60BD-44D9-856D-0C6264329C52}.Debug|iPhoneSimulator.ActiveCfg = Debug|x86
		{3E5B2518-60BD-44D9-856D-0C6264329C52}.Debug|x64.ActiveCfg = Debug|x64
		{3E5B2518-60BD-44D9-856D-0C6264329C52}.Debug|x64.Build.0 = Debug|x64
		{3E5B2518-60BD-44D9-856D-0C6264329C52}.Debug|x64.Deploy.0 = Debug|x64
		{3E5B2518-60BD-44D9-856D-0C6264329C52}.Debug|x86.ActiveCfg = Debug|x86
		{3E5B2518-60BD-44D9-856D-0C6264329C52}.Debug|x86.Build.0 = Debug|x86
		{3E5B2518-60BD-44D9-856D-0C6264329C52}.Debug|x86.Deploy.0 = Debug|x86
		{3E5B2518-60BD-44D9-856D-0C6264329C52}.Release|Any CPU.ActiveCfg = Release|x86
		{3E5B2518-60BD-44D9-856D-0C6264329C52}.Release|Any CPU.Build.0 = Release|x86
		{3E5B2518-60BD-44D9-856D-0C6264329C52}.Release|Any CPU.Deploy.0 = Release|x86
		{3E5B2518-60BD-44D9-856D-0C6264329C52}.Release|ARM.ActiveCfg = Release|ARM
		{3E5B2518-60BD-44D9-856D-0C6264329C52}.Release|ARM.Build.0 = Release|ARM
		{3E5B2518-60BD-44D9-856D-0C6264329C52}.Release|ARM.Deploy.0 = Release|ARM
		{3E5B2518-60BD-44D9-856D-0C6264329C52}.Release|ARM64.ActiveCfg = Release|x86
		{3E5B2518-60BD-44D9-856D-0C6264329C52}.Release|iPhone.ActiveCfg = Release|x86
		{3E5B2518-60BD-44D9-856D-0C6264329C52}.Release|iPhoneSimulator.ActiveCfg = Release|x86
		{3E5B2518-60BD-44D9-856D-0C6264329C52}.Release|x64.ActiveCfg = Release|x64
		{3E5B2518-60BD-44D9-856D-0C6264329C52}.Release|x64.Build.0 = Release|x64
		{3E5B2518-60BD-44D9-856D-0C6264329C52}.Release|x64.Deploy.0 = Release|x64
		{3E5B2518-60BD-44D9-856D-0C6264329C52}.Release|x86.ActiveCfg = Release|x86
		{3E5B2518-60BD-44D9-856D-0C6264329C52}.Release|x86.Build.0 = Release|x86
		{3E5B2518-60BD-44D9-856D-0C6264329C52}.Release|x86.Deploy.0 = Release|x86
		{57C03634-518A-491E-BE14-8113A7BAF5EE}.Ad-Hoc|Any CPU.ActiveCfg = Debug|Any CPU
		{57C03634-518A-491E-BE14-8113A7BAF5EE}.Ad-Hoc|Any CPU.Build.0 = Debug|Any CPU
		{57C03634-518A-491E-BE14-8113A7BAF5EE}.Ad-Hoc|ARM.ActiveCfg = Debug|Any CPU
		{57C03634-518A-491E-BE14-8113A7BAF5EE}.Ad-Hoc|ARM.Build.0 = Debug|Any CPU
		{57C03634-518A-491E-BE14-8113A7BAF5EE}.Ad-Hoc|ARM64.ActiveCfg = Release|Any CPU
		{57C03634-518A-491E-BE14-8113A7BAF5EE}.Ad-Hoc|ARM64.Build.0 = Release|Any CPU
		{57C03634-518A-491E-BE14-8113A7BAF5EE}.Ad-Hoc|iPhone.ActiveCfg = Debug|Any CPU
		{57C03634-518A-491E-BE14-8113A7BAF5EE}.Ad-Hoc|iPhone.Build.0 = Debug|Any CPU
		{57C03634-518A-491E-BE14-8113A7BAF5EE}.Ad-Hoc|iPhoneSimulator.ActiveCfg = Debug|Any CPU
		{57C03634-518A-491E-BE14-8113A7BAF5EE}.Ad-Hoc|iPhoneSimulator.Build.0 = Debug|Any CPU
		{57C03634-518A-491E-BE14-8113A7BAF5EE}.Ad-Hoc|x64.ActiveCfg = Debug|Any CPU
		{57C03634-518A-491E-BE14-8113A7BAF5EE}.Ad-Hoc|x64.Build.0 = Debug|Any CPU
		{57C03634-518A-491E-BE14-8113A7BAF5EE}.Ad-Hoc|x86.ActiveCfg = Debug|Any CPU
		{57C03634-518A-491E-BE14-8113A7BAF5EE}.Ad-Hoc|x86.Build.0 = Debug|Any CPU
		{57C03634-518A-491E-BE14-8113A7BAF5EE}.AppCenter_Android|Any CPU.ActiveCfg = Debug|Any CPU
		{57C03634-518A-491E-BE14-8113A7BAF5EE}.AppCenter_Android|ARM.ActiveCfg = Debug|Any CPU
		{57C03634-518A-491E-BE14-8113A7BAF5EE}.AppCenter_Android|ARM64.ActiveCfg = Release|Any CPU
		{57C03634-518A-491E-BE14-8113A7BAF5EE}.AppCenter_Android|ARM64.Build.0 = Release|Any CPU
		{57C03634-518A-491E-BE14-8113A7BAF5EE}.AppCenter_Android|iPhone.ActiveCfg = Debug|Any CPU
		{57C03634-518A-491E-BE14-8113A7BAF5EE}.AppCenter_Android|iPhone.Build.0 = Debug|Any CPU
		{57C03634-518A-491E-BE14-8113A7BAF5EE}.AppCenter_Android|iPhoneSimulator.ActiveCfg = Debug|Any CPU
		{57C03634-518A-491E-BE14-8113A7BAF5EE}.AppCenter_Android|iPhoneSimulator.Build.0 = Debug|Any CPU
		{57C03634-518A-491E-BE14-8113A7BAF5EE}.AppCenter_Android|x64.ActiveCfg = Debug|Any CPU
		{57C03634-518A-491E-BE14-8113A7BAF5EE}.AppCenter_Android|x86.ActiveCfg = Debug|Any CPU
		{57C03634-518A-491E-BE14-8113A7BAF5EE}.AppCenter_iOS|Any CPU.ActiveCfg = Debug|Any CPU
		{57C03634-518A-491E-BE14-8113A7BAF5EE}.AppCenter_iOS|Any CPU.Build.0 = Debug|Any CPU
		{57C03634-518A-491E-BE14-8113A7BAF5EE}.AppCenter_iOS|ARM.ActiveCfg = Debug|Any CPU
		{57C03634-518A-491E-BE14-8113A7BAF5EE}.AppCenter_iOS|ARM.Build.0 = Debug|Any CPU
		{57C03634-518A-491E-BE14-8113A7BAF5EE}.AppCenter_iOS|ARM64.ActiveCfg = Release|Any CPU
		{57C03634-518A-491E-BE14-8113A7BAF5EE}.AppCenter_iOS|ARM64.Build.0 = Release|Any CPU
		{57C03634-518A-491E-BE14-8113A7BAF5EE}.AppCenter_iOS|iPhone.ActiveCfg = Debug|Any CPU
		{57C03634-518A-491E-BE14-8113A7BAF5EE}.AppCenter_iOS|iPhoneSimulator.ActiveCfg = Debug|Any CPU
		{57C03634-518A-491E-BE14-8113A7BAF5EE}.AppCenter_iOS|x64.ActiveCfg = Debug|Any CPU
		{57C03634-518A-491E-BE14-8113A7BAF5EE}.AppCenter_iOS|x64.Build.0 = Debug|Any CPU
		{57C03634-518A-491E-BE14-8113A7BAF5EE}.AppCenter_iOS|x86.ActiveCfg = Debug|Any CPU
		{57C03634-518A-491E-BE14-8113A7BAF5EE}.AppCenter_iOS|x86.Build.0 = Debug|Any CPU
		{57C03634-518A-491E-BE14-8113A7BAF5EE}.AppCenter_UWP|Any CPU.ActiveCfg = Debug|Any CPU
		{57C03634-518A-491E-BE14-8113A7BAF5EE}.AppCenter_UWP|ARM.ActiveCfg = Debug|Any CPU
		{57C03634-518A-491E-BE14-8113A7BAF5EE}.AppCenter_UWP|ARM64.ActiveCfg = Release|Any CPU
		{57C03634-518A-491E-BE14-8113A7BAF5EE}.AppCenter_UWP|ARM64.Build.0 = Release|Any CPU
		{57C03634-518A-491E-BE14-8113A7BAF5EE}.AppCenter_UWP|iPhone.ActiveCfg = Debug|Any CPU
		{57C03634-518A-491E-BE14-8113A7BAF5EE}.AppCenter_UWP|iPhone.Build.0 = Debug|Any CPU
		{57C03634-518A-491E-BE14-8113A7BAF5EE}.AppCenter_UWP|iPhoneSimulator.ActiveCfg = Debug|Any CPU
		{57C03634-518A-491E-BE14-8113A7BAF5EE}.AppCenter_UWP|iPhoneSimulator.Build.0 = Debug|Any CPU
		{57C03634-518A-491E-BE14-8113A7BAF5EE}.AppCenter_UWP|x64.ActiveCfg = Debug|Any CPU
		{57C03634-518A-491E-BE14-8113A7BAF5EE}.AppCenter_UWP|x86.ActiveCfg = Debug|Any CPU
		{57C03634-518A-491E-BE14-8113A7BAF5EE}.AppStore|Any CPU.ActiveCfg = Debug|Any CPU
		{57C03634-518A-491E-BE14-8113A7BAF5EE}.AppStore|Any CPU.Build.0 = Debug|Any CPU
		{57C03634-518A-491E-BE14-8113A7BAF5EE}.AppStore|ARM.ActiveCfg = Debug|Any CPU
		{57C03634-518A-491E-BE14-8113A7BAF5EE}.AppStore|ARM.Build.0 = Debug|Any CPU
		{57C03634-518A-491E-BE14-8113A7BAF5EE}.AppStore|ARM64.ActiveCfg = Release|Any CPU
		{57C03634-518A-491E-BE14-8113A7BAF5EE}.AppStore|ARM64.Build.0 = Release|Any CPU
		{57C03634-518A-491E-BE14-8113A7BAF5EE}.AppStore|iPhone.ActiveCfg = Debug|Any CPU
		{57C03634-518A-491E-BE14-8113A7BAF5EE}.AppStore|iPhone.Build.0 = Debug|Any CPU
		{57C03634-518A-491E-BE14-8113A7BAF5EE}.AppStore|iPhoneSimulator.ActiveCfg = Debug|Any CPU
		{57C03634-518A-491E-BE14-8113A7BAF5EE}.AppStore|iPhoneSimulator.Build.0 = Debug|Any CPU
		{57C03634-518A-491E-BE14-8113A7BAF5EE}.AppStore|x64.ActiveCfg = Debug|Any CPU
		{57C03634-518A-491E-BE14-8113A7BAF5EE}.AppStore|x64.Build.0 = Debug|Any CPU
		{57C03634-518A-491E-BE14-8113A7BAF5EE}.AppStore|x86.ActiveCfg = Debug|Any CPU
		{57C03634-518A-491E-BE14-8113A7BAF5EE}.AppStore|x86.Build.0 = Debug|Any CPU
		{57C03634-518A-491E-BE14-8113A7BAF5EE}.Debug|Any CPU.ActiveCfg = Debug|Any CPU
		{57C03634-518A-491E-BE14-8113A7BAF5EE}.Debug|Any CPU.Build.0 = Debug|Any CPU
		{57C03634-518A-491E-BE14-8113A7BAF5EE}.Debug|ARM.ActiveCfg = Debug|Any CPU
		{57C03634-518A-491E-BE14-8113A7BAF5EE}.Debug|ARM.Build.0 = Debug|Any CPU
		{57C03634-518A-491E-BE14-8113A7BAF5EE}.Debug|ARM64.ActiveCfg = Debug|Any CPU
		{57C03634-518A-491E-BE14-8113A7BAF5EE}.Debug|ARM64.Build.0 = Debug|Any CPU
		{57C03634-518A-491E-BE14-8113A7BAF5EE}.Debug|iPhone.ActiveCfg = Debug|Any CPU
		{57C03634-518A-491E-BE14-8113A7BAF5EE}.Debug|iPhoneSimulator.ActiveCfg = Debug|Any CPU
		{57C03634-518A-491E-BE14-8113A7BAF5EE}.Debug|iPhoneSimulator.Build.0 = Debug|Any CPU
		{57C03634-518A-491E-BE14-8113A7BAF5EE}.Debug|x64.ActiveCfg = Debug|Any CPU
		{57C03634-518A-491E-BE14-8113A7BAF5EE}.Debug|x64.Build.0 = Debug|Any CPU
		{57C03634-518A-491E-BE14-8113A7BAF5EE}.Debug|x86.ActiveCfg = Debug|Any CPU
		{57C03634-518A-491E-BE14-8113A7BAF5EE}.Debug|x86.Build.0 = Debug|Any CPU
		{57C03634-518A-491E-BE14-8113A7BAF5EE}.Release|Any CPU.ActiveCfg = Release|Any CPU
		{57C03634-518A-491E-BE14-8113A7BAF5EE}.Release|Any CPU.Build.0 = Release|Any CPU
		{57C03634-518A-491E-BE14-8113A7BAF5EE}.Release|ARM.ActiveCfg = Release|Any CPU
		{57C03634-518A-491E-BE14-8113A7BAF5EE}.Release|ARM.Build.0 = Release|Any CPU
		{57C03634-518A-491E-BE14-8113A7BAF5EE}.Release|ARM64.ActiveCfg = Release|Any CPU
		{57C03634-518A-491E-BE14-8113A7BAF5EE}.Release|ARM64.Build.0 = Release|Any CPU
		{57C03634-518A-491E-BE14-8113A7BAF5EE}.Release|iPhone.ActiveCfg = Release|Any CPU
		{57C03634-518A-491E-BE14-8113A7BAF5EE}.Release|iPhone.Build.0 = Release|Any CPU
		{57C03634-518A-491E-BE14-8113A7BAF5EE}.Release|iPhoneSimulator.ActiveCfg = Release|Any CPU
		{57C03634-518A-491E-BE14-8113A7BAF5EE}.Release|iPhoneSimulator.Build.0 = Release|Any CPU
		{57C03634-518A-491E-BE14-8113A7BAF5EE}.Release|x64.ActiveCfg = Release|Any CPU
		{57C03634-518A-491E-BE14-8113A7BAF5EE}.Release|x64.Build.0 = Release|Any CPU
		{57C03634-518A-491E-BE14-8113A7BAF5EE}.Release|x86.ActiveCfg = Release|Any CPU
		{57C03634-518A-491E-BE14-8113A7BAF5EE}.Release|x86.Build.0 = Release|Any CPU
	EndGlobalSection
	GlobalSection(SolutionProperties) = preSolution
		HideSolutionNode = FALSE
	EndGlobalSection
	GlobalSection(NestedProjects) = preSolution
		{5506E911-EB52-40AE-92FB-3B09640189D0} = {2084977B-568A-4EA9-84E9-425312A38C8F}
		{A8145E47-A40B-42EB-B127-11DE47357FFA} = {601DB0C2-94AC-4521-82E8-38B178D35EF0}
		{CFE1E4FB-AC68-4B69-B788-948757DDBBA9} = {601DB0C2-94AC-4521-82E8-38B178D35EF0}
		{F68C7994-F177-44EC-A403-1931FAFEB958} = {7CAD9402-9359-4950-A723-0F9A61A4D9EE}
		{550DF24A-6657-4287-9CF2-B786DD205442} = {7CAD9402-9359-4950-A723-0F9A61A4D9EE}
		{76EB105A-FF77-47FF-A42E-569EFB425B33} = {7CAD9402-9359-4950-A723-0F9A61A4D9EE}
		{4AFA794B-80DC-4025-BE61-4734BDDBF295} = {A9E64D32-D8DB-47F1-B6C8-1D59D217A992}
		{3E5B2518-60BD-44D9-856D-0C6264329C52} = {7CAD9402-9359-4950-A723-0F9A61A4D9EE}
		{57C03634-518A-491E-BE14-8113A7BAF5EE} = {7CAD9402-9359-4950-A723-0F9A61A4D9EE}
	EndGlobalSection
	GlobalSection(ExtensibilityGlobals) = postSolution
		SolutionGuid = {48269C89-A83F-4E4C-8905-FE1F7F01883B}
	EndGlobalSection
EndGlobal
